// !$*UTF8*$!
{
	archiveVersion = 1;
	classes = {
	};
	objectVersion = 46;
	objects = {

/* Begin PBXBuildFile section */
		AF036E2B1FC45680005A1765 /* FavoriteBooksResult.m in Sources */ = {isa = PBXBuildFile; fileRef = AF036E2A1FC45680005A1765 /* FavoriteBooksResult.m */; };
		AF036E2E1FC45756005A1765 /* FavoriteBookListVC.m in Sources */ = {isa = PBXBuildFile; fileRef = AF036E2D1FC45756005A1765 /* FavoriteBookListVC.m */; };
		AF036E311FC45CB1005A1765 /* FavoriteBookItem.m in Sources */ = {isa = PBXBuildFile; fileRef = AF036E301FC45CB1005A1765 /* FavoriteBookItem.m */; };
		AF036E341FC45DA6005A1765 /* FavBookTableViewCell.m in Sources */ = {isa = PBXBuildFile; fileRef = AF036E331FC45DA6005A1765 /* FavBookTableViewCell.m */; };
		AF036E371FC460CB005A1765 /* NoteBookListVC.m in Sources */ = {isa = PBXBuildFile; fileRef = AF036E361FC460CB005A1765 /* NoteBookListVC.m */; };
		AF036E3A1FC4610E005A1765 /* NoteBookTableViewCell.m in Sources */ = {isa = PBXBuildFile; fileRef = AF036E391FC4610E005A1765 /* NoteBookTableViewCell.m */; };
		AF036E3D1FC461B8005A1765 /* NoteBooksResult.m in Sources */ = {isa = PBXBuildFile; fileRef = AF036E3C1FC461B8005A1765 /* NoteBooksResult.m */; };
		AF036E401FC4639F005A1765 /* NoteBookItem.m in Sources */ = {isa = PBXBuildFile; fileRef = AF036E3F1FC4639F005A1765 /* NoteBookItem.m */; };
		AF0422801FBC499E00D15E8E /* ChangePasswdResult.m in Sources */ = {isa = PBXBuildFile; fileRef = AF04227F1FBC499E00D15E8E /* ChangePasswdResult.m */; };
		AF0422831FBC71B900D15E8E /* ChildrenInfoVC.m in Sources */ = {isa = PBXBuildFile; fileRef = AF0422821FBC71B900D15E8E /* ChildrenInfoVC.m */; };
		AF0422881FBC77CD00D15E8E /* icon_emotion@2x.png in Resources */ = {isa = PBXBuildFile; fileRef = AF0422841FBC77CD00D15E8E /* icon_emotion@2x.png */; };
		AF0422891FBC77CD00D15E8E /* icon_heart@2x.png in Resources */ = {isa = PBXBuildFile; fileRef = AF0422851FBC77CD00D15E8E /* icon_heart@2x.png */; };
		AF04228A1FBC77CD00D15E8E /* icon_note@2x.png in Resources */ = {isa = PBXBuildFile; fileRef = AF0422861FBC77CD00D15E8E /* icon_note@2x.png */; };
		AF04228B1FBC77CD00D15E8E /* icon_setting@2x.png in Resources */ = {isa = PBXBuildFile; fileRef = AF0422871FBC77CD00D15E8E /* icon_setting@2x.png */; };
		AF04228D1FBC797A00D15E8E /* icon_photo@2x.png in Resources */ = {isa = PBXBuildFile; fileRef = AF04228C1FBC797A00D15E8E /* icon_photo@2x.png */; };
		AF0422901FBC88C900D15E8E /* radio_select@2x.png in Resources */ = {isa = PBXBuildFile; fileRef = AF04228E1FBC88C900D15E8E /* radio_select@2x.png */; };
		AF0422911FBC88C900D15E8E /* radio_unselect@2x.png in Resources */ = {isa = PBXBuildFile; fileRef = AF04228F1FBC88C900D15E8E /* radio_unselect@2x.png */; };
		AF0422941FBC95C600D15E8E /* DatePickerView.m in Sources */ = {isa = PBXBuildFile; fileRef = AF0422931FBC95C600D15E8E /* DatePickerView.m */; };
		AF04C5731FB359BE00C0C67B /* ResigterVC.m in Sources */ = {isa = PBXBuildFile; fileRef = AF04C5721FB359BE00C0C67B /* ResigterVC.m */; };
		AF04C5761FB35A0800C0C67B /* MeVC.m in Sources */ = {isa = PBXBuildFile; fileRef = AF04C5751FB35A0800C0C67B /* MeVC.m */; };
		AF14EAB31FB6FB770042683D /* NSData+Crypto.m in Sources */ = {isa = PBXBuildFile; fileRef = AF14EAB21FB6FB770042683D /* NSData+Crypto.m */; };
		AF14EAB61FB7191D0042683D /* SetVC.m in Sources */ = {isa = PBXBuildFile; fileRef = AF14EAB51FB7191D0042683D /* SetVC.m */; };
		AF14EAB91FB737F60042683D /* ModifyPwdVC.m in Sources */ = {isa = PBXBuildFile; fileRef = AF14EAB81FB737F60042683D /* ModifyPwdVC.m */; };
		AF2308251FB3371200BEC151 /* main.m in Sources */ = {isa = PBXBuildFile; fileRef = AF2308241FB3371200BEC151 /* main.m */; };
		AF2308281FB3371200BEC151 /* AppDelegate.m in Sources */ = {isa = PBXBuildFile; fileRef = AF2308271FB3371200BEC151 /* AppDelegate.m */; };
		AF2308301FB3371200BEC151 /* Assets.xcassets in Resources */ = {isa = PBXBuildFile; fileRef = AF23082F1FB3371200BEC151 /* Assets.xcassets */; };
		AF2308A11FB33F5600BEC151 /* AFHTTPSessionManager.m in Sources */ = {isa = PBXBuildFile; fileRef = AF23083D1FB33F5600BEC151 /* AFHTTPSessionManager.m */; };
		AF2308A21FB33F5600BEC151 /* AFNetworkReachabilityManager.m in Sources */ = {isa = PBXBuildFile; fileRef = AF2308401FB33F5600BEC151 /* AFNetworkReachabilityManager.m */; };
		AF2308A31FB33F5600BEC151 /* AFSecurityPolicy.m in Sources */ = {isa = PBXBuildFile; fileRef = AF2308421FB33F5600BEC151 /* AFSecurityPolicy.m */; };
		AF2308A41FB33F5600BEC151 /* AFURLRequestSerialization.m in Sources */ = {isa = PBXBuildFile; fileRef = AF2308441FB33F5600BEC151 /* AFURLRequestSerialization.m */; };
		AF2308A51FB33F5600BEC151 /* AFURLResponseSerialization.m in Sources */ = {isa = PBXBuildFile; fileRef = AF2308461FB33F5600BEC151 /* AFURLResponseSerialization.m */; };
		AF2308A61FB33F5600BEC151 /* AFURLSessionManager.m in Sources */ = {isa = PBXBuildFile; fileRef = AF2308481FB33F5600BEC151 /* AFURLSessionManager.m */; };
		AF2308A71FB33F5600BEC151 /* NSObject+Utility.m in Sources */ = {isa = PBXBuildFile; fileRef = AF23084B1FB33F5600BEC151 /* NSObject+Utility.m */; };
		AF2308A81FB33F5600BEC151 /* NSString+Utility.m in Sources */ = {isa = PBXBuildFile; fileRef = AF23084D1FB33F5600BEC151 /* NSString+Utility.m */; };
		AF2308A91FB33F5600BEC151 /* UIAlertController+Orientations.m in Sources */ = {isa = PBXBuildFile; fileRef = AF23084F1FB33F5600BEC151 /* UIAlertController+Orientations.m */; };
		AF2308AA1FB33F5600BEC151 /* UIColor+Utility.m in Sources */ = {isa = PBXBuildFile; fileRef = AF2308511FB33F5600BEC151 /* UIColor+Utility.m */; };
		AF2308AB1FB33F5600BEC151 /* UIImage+ResizeMagick.m in Sources */ = {isa = PBXBuildFile; fileRef = AF2308531FB33F5600BEC151 /* UIImage+ResizeMagick.m */; };
		AF2308AC1FB33F5600BEC151 /* UIImage+Utility.m in Sources */ = {isa = PBXBuildFile; fileRef = AF2308551FB33F5600BEC151 /* UIImage+Utility.m */; };
		AF2308AD1FB33F5600BEC151 /* UIView+SizeUtility.m in Sources */ = {isa = PBXBuildFile; fileRef = AF2308571FB33F5600BEC151 /* UIView+SizeUtility.m */; };
		AF2308AE1FB33F5600BEC151 /* MJRefresh.bundle in Resources */ = {isa = PBXBuildFile; fileRef = AF2308591FB33F5600BEC151 /* MJRefresh.bundle */; };
		AF2308AF1FB33F5600BEC151 /* MJRefreshBaseView.m in Sources */ = {isa = PBXBuildFile; fileRef = AF23085C1FB33F5600BEC151 /* MJRefreshBaseView.m */; };
		AF2308B01FB33F5600BEC151 /* MJRefreshConst.m in Sources */ = {isa = PBXBuildFile; fileRef = AF23085E1FB33F5600BEC151 /* MJRefreshConst.m */; };
		AF2308B11FB33F5600BEC151 /* MJRefreshFooterView.m in Sources */ = {isa = PBXBuildFile; fileRef = AF2308601FB33F5600BEC151 /* MJRefreshFooterView.m */; };
		AF2308B21FB33F5600BEC151 /* MJRefreshHeaderView.m in Sources */ = {isa = PBXBuildFile; fileRef = AF2308621FB33F5600BEC151 /* MJRefreshHeaderView.m */; };
		AF2308B31FB33F5600BEC151 /* AIActionSheet.m in Sources */ = {isa = PBXBuildFile; fileRef = AF2308651FB33F5600BEC151 /* AIActionSheet.m */; };
		AF2308B41FB33F5600BEC151 /* AINavigationController.m in Sources */ = {isa = PBXBuildFile; fileRef = AF2308681FB33F5600BEC151 /* AINavigationController.m */; };
		AF2308B51FB33F5600BEC151 /* BaseVC.m in Sources */ = {isa = PBXBuildFile; fileRef = AF23086A1FB33F5600BEC151 /* BaseVC.m */; };
		AF2308B71FB33F5600BEC151 /* DeviceInfo.m in Sources */ = {isa = PBXBuildFile; fileRef = AF23086E1FB33F5600BEC151 /* DeviceInfo.m */; };
		AF2308B81FB33F5600BEC151 /* FadePromptView.m in Sources */ = {isa = PBXBuildFile; fileRef = AF2308701FB33F5600BEC151 /* FadePromptView.m */; };
		AF2308B91FB33F5600BEC151 /* FileCache.m in Sources */ = {isa = PBXBuildFile; fileRef = AF2308721FB33F5600BEC151 /* FileCache.m */; };
		AF2308BA1FB33F5600BEC151 /* LineView.m in Sources */ = {isa = PBXBuildFile; fileRef = AF2308741FB33F5600BEC151 /* LineView.m */; };
		AF2308BE1FB33F5600BEC151 /* MKAnnotationView+WebCache.m in Sources */ = {isa = PBXBuildFile; fileRef = AF23087D1FB33F5600BEC151 /* MKAnnotationView+WebCache.m */; };
		AF2308BF1FB33F5600BEC151 /* NSData+ImageContentType.m in Sources */ = {isa = PBXBuildFile; fileRef = AF23087F1FB33F5600BEC151 /* NSData+ImageContentType.m */; };
		AF2308C01FB33F5600BEC151 /* SDImageCache.m in Sources */ = {isa = PBXBuildFile; fileRef = AF2308811FB33F5600BEC151 /* SDImageCache.m */; };
		AF2308C11FB33F5600BEC151 /* SDWebImageCompat.m in Sources */ = {isa = PBXBuildFile; fileRef = AF2308831FB33F5600BEC151 /* SDWebImageCompat.m */; };
		AF2308C21FB33F5600BEC151 /* SDWebImageDecoder.m in Sources */ = {isa = PBXBuildFile; fileRef = AF2308851FB33F5600BEC151 /* SDWebImageDecoder.m */; };
		AF2308C31FB33F5600BEC151 /* SDWebImageDownloader.m in Sources */ = {isa = PBXBuildFile; fileRef = AF2308871FB33F5600BEC151 /* SDWebImageDownloader.m */; };
		AF2308C41FB33F5600BEC151 /* SDWebImageDownloaderOperation.m in Sources */ = {isa = PBXBuildFile; fileRef = AF2308891FB33F5600BEC151 /* SDWebImageDownloaderOperation.m */; };
		AF2308C51FB33F5600BEC151 /* SDWebImageManager.m in Sources */ = {isa = PBXBuildFile; fileRef = AF23088B1FB33F5600BEC151 /* SDWebImageManager.m */; };
		AF2308C61FB33F5600BEC151 /* SDWebImagePrefetcher.m in Sources */ = {isa = PBXBuildFile; fileRef = AF23088E1FB33F5600BEC151 /* SDWebImagePrefetcher.m */; };
		AF2308C71FB33F5600BEC151 /* UIButton+WebCache.m in Sources */ = {isa = PBXBuildFile; fileRef = AF2308901FB33F5600BEC151 /* UIButton+WebCache.m */; };
		AF2308C81FB33F5600BEC151 /* UIImage+GIF.m in Sources */ = {isa = PBXBuildFile; fileRef = AF2308921FB33F5600BEC151 /* UIImage+GIF.m */; };
		AF2308C91FB33F5600BEC151 /* UIImage+MultiFormat.m in Sources */ = {isa = PBXBuildFile; fileRef = AF2308941FB33F5600BEC151 /* UIImage+MultiFormat.m */; };
		AF2308CA1FB33F5600BEC151 /* UIImage+WebP.m in Sources */ = {isa = PBXBuildFile; fileRef = AF2308961FB33F5600BEC151 /* UIImage+WebP.m */; };
		AF2308CB1FB33F5600BEC151 /* UIImageView+HighlightedWebCache.m in Sources */ = {isa = PBXBuildFile; fileRef = AF2308981FB33F5600BEC151 /* UIImageView+HighlightedWebCache.m */; };
		AF2308CC1FB33F5600BEC151 /* UIImageView+WebCache.m in Sources */ = {isa = PBXBuildFile; fileRef = AF23089A1FB33F5600BEC151 /* UIImageView+WebCache.m */; };
		AF2308CD1FB33F5600BEC151 /* UIView+WebCacheOperation.m in Sources */ = {isa = PBXBuildFile; fileRef = AF23089C1FB33F5600BEC151 /* UIView+WebCacheOperation.m */; };
		AF2308CE1FB33F5600BEC151 /* SVProgressHUD.bundle in Resources */ = {isa = PBXBuildFile; fileRef = AF23089E1FB33F5600BEC151 /* SVProgressHUD.bundle */; };
		AF2308CF1FB33F5600BEC151 /* SVProgressHUD.m in Sources */ = {isa = PBXBuildFile; fileRef = AF2308A01FB33F5600BEC151 /* SVProgressHUD.m */; };
		AF2308D21FB340EB00BEC151 /* MainVCManager.m in Sources */ = {isa = PBXBuildFile; fileRef = AF2308D11FB340EB00BEC151 /* MainVCManager.m */; };
		AF2308E31FB342CE00BEC151 /* LoginResult.m in Sources */ = {isa = PBXBuildFile; fileRef = AF2308DD1FB342CE00BEC151 /* LoginResult.m */; };
		AF2308E41FB342CE00BEC151 /* HomeTabVC.m in Sources */ = {isa = PBXBuildFile; fileRef = AF2308E01FB342CE00BEC151 /* HomeTabVC.m */; };
		AF2308E51FB342CE00BEC151 /* LoginVC.m in Sources */ = {isa = PBXBuildFile; fileRef = AF2308E21FB342CE00BEC151 /* LoginVC.m */; };
		AF42D9B71FC536A7006DEDE8 /* BookInfoView.m in Sources */ = {isa = PBXBuildFile; fileRef = AF42D9B61FC536A7006DEDE8 /* BookInfoView.m */; };
		AF42D9B91FC537A6006DEDE8 /* book_detail_bg@2x.png in Resources */ = {isa = PBXBuildFile; fileRef = AF42D9B81FC537A6006DEDE8 /* book_detail_bg@2x.png */; };
		AF42D9BB1FC5468A006DEDE8 /* icon_heart_white@2x.png in Resources */ = {isa = PBXBuildFile; fileRef = AF42D9BA1FC5468A006DEDE8 /* icon_heart_white@2x.png */; };
		AF42D9BE1FC553BF006DEDE8 /* BookContentView.m in Sources */ = {isa = PBXBuildFile; fileRef = AF42D9BD1FC553BF006DEDE8 /* BookContentView.m */; };
		AF4C90CD1FBF168C003148EC /* ChildInfoResult.m in Sources */ = {isa = PBXBuildFile; fileRef = AF4C90CC1FBF168C003148EC /* ChildInfoResult.m */; };
		AF4C90D01FBF1D2A003148EC /* AddChildrenResult.m in Sources */ = {isa = PBXBuildFile; fileRef = AF4C90CF1FBF1D2A003148EC /* AddChildrenResult.m */; };
		AF4EE7F21FCAD50C00161746 /* BookIntroduceView.m in Sources */ = {isa = PBXBuildFile; fileRef = AF4EE7F11FCAD50C00161746 /* BookIntroduceView.m */; };
		AF506F8F1FB5E26700470C01 /* icon_pwd@2x.png in Resources */ = {isa = PBXBuildFile; fileRef = AF506F8B1FB5E26700470C01 /* icon_pwd@2x.png */; };
		AF506F901FB5E26700470C01 /* icon_user@2x.png in Resources */ = {isa = PBXBuildFile; fileRef = AF506F8C1FB5E26700470C01 /* icon_user@2x.png */; };
		AF506F971FB6071800470C01 /* ForgetPwdVC.m in Sources */ = {isa = PBXBuildFile; fileRef = AF506F961FB6071800470C01 /* ForgetPwdVC.m */; };
		AF506F991FB609C800470C01 /* back@2x.png in Resources */ = {isa = PBXBuildFile; fileRef = AF506F981FB609C800470C01 /* back@2x.png */; };
		AF683D811FB81ADE00AB69EC /* ReadNetRequestParam.m in Sources */ = {isa = PBXBuildFile; fileRef = AF683D801FB81ADE00AB69EC /* ReadNetRequestParam.m */; };
		AF683D881FB81B5800AB69EC /* NetworkTask.m in Sources */ = {isa = PBXBuildFile; fileRef = AF683D861FB81B5800AB69EC /* NetworkTask.m */; };
		AF88AB321FC1540400E885D5 /* UploadUserAvatarResult.m in Sources */ = {isa = PBXBuildFile; fileRef = AF88AB311FC1540400E885D5 /* UploadUserAvatarResult.m */; };
		AF88AB341FC1723900E885D5 /* shucheng_bg@2x.png in Resources */ = {isa = PBXBuildFile; fileRef = AF88AB331FC1723900E885D5 /* shucheng_bg@2x.png */; };
		AF88AB361FC1A83800E885D5 /* book_cover@2x.png in Resources */ = {isa = PBXBuildFile; fileRef = AF88AB351FC1A83800E885D5 /* book_cover@2x.png */; };
		AF88AB391FC1AA9A00E885D5 /* RecBooksResult.m in Sources */ = {isa = PBXBuildFile; fileRef = AF88AB381FC1AA9A00E885D5 /* RecBooksResult.m */; };
		AF94FDFB1FB9DD5F0086CB22 /* tb-biji-sel@2x.png in Resources */ = {isa = PBXBuildFile; fileRef = AF94FDF31FB9DD5F0086CB22 /* tb-biji-sel@2x.png */; };
		AF94FDFC1FB9DD5F0086CB22 /* tb-biji@2x.png in Resources */ = {isa = PBXBuildFile; fileRef = AF94FDF41FB9DD5F0086CB22 /* tb-biji@2x.png */; };
		AF94FDFD1FB9DD5F0086CB22 /* tb-me-sel@2x.png in Resources */ = {isa = PBXBuildFile; fileRef = AF94FDF51FB9DD5F0086CB22 /* tb-me-sel@2x.png */; };
		AF94FDFE1FB9DD5F0086CB22 /* tb-me@2x.png in Resources */ = {isa = PBXBuildFile; fileRef = AF94FDF61FB9DD5F0086CB22 /* tb-me@2x.png */; };
		AF94FDFF1FB9DD5F0086CB22 /* tb-shuku-sel@2x.png in Resources */ = {isa = PBXBuildFile; fileRef = AF94FDF71FB9DD5F0086CB22 /* tb-shuku-sel@2x.png */; };
		AF94FE001FB9DD5F0086CB22 /* tb-shuku@2x.png in Resources */ = {isa = PBXBuildFile; fileRef = AF94FDF81FB9DD5F0086CB22 /* tb-shuku@2x.png */; };
		AF94FE011FB9DD5F0086CB22 /* tb-xinshu-sel@2x.png in Resources */ = {isa = PBXBuildFile; fileRef = AF94FDF91FB9DD5F0086CB22 /* tb-xinshu-sel@2x.png */; };
		AF94FE021FB9DD5F0086CB22 /* tb-xinshu@2x.png in Resources */ = {isa = PBXBuildFile; fileRef = AF94FDFA1FB9DD5F0086CB22 /* tb-xinshu@2x.png */; };
		AFAFB75F1FC282F100663862 /* BookDetailVC.m in Sources */ = {isa = PBXBuildFile; fileRef = AFAFB75E1FC282F100663862 /* BookDetailVC.m */; };
		AFAFB7621FC298A700663862 /* InfoPlist.strings in Resources */ = {isa = PBXBuildFile; fileRef = AFAFB7601FC298A700663862 /* InfoPlist.strings */; };
		AFAFB7661FC2ABC100663862 /* BookListVC.m in Sources */ = {isa = PBXBuildFile; fileRef = AFAFB7651FC2ABC100663862 /* BookListVC.m */; };
		AFAFB7691FC2ACB800663862 /* BookTableViewCell.m in Sources */ = {isa = PBXBuildFile; fileRef = AFAFB7681FC2ACB800663862 /* BookTableViewCell.m */; };
		AFAFB76C1FC2BB8F00663862 /* heart_empty@2x.png in Resources */ = {isa = PBXBuildFile; fileRef = AFAFB76A1FC2BB8F00663862 /* heart_empty@2x.png */; };
		AFAFB76D1FC2BB8F00663862 /* heart_read@2x.png in Resources */ = {isa = PBXBuildFile; fileRef = AFAFB76B1FC2BB8F00663862 /* heart_read@2x.png */; };
		AFBABF2D1FC6CA0F0001A5E5 /* StoreBookResult.m in Sources */ = {isa = PBXBuildFile; fileRef = AFBABF2C1FC6CA0F0001A5E5 /* StoreBookResult.m */; };
		AFBABF2F1FC7E31C0001A5E5 /* icon_edit@2x.png in Resources */ = {isa = PBXBuildFile; fileRef = AFBABF2E1FC7E31C0001A5E5 /* icon_edit@2x.png */; };
		AFBABF321FC828580001A5E5 /* CustomSegmentControl.m in Sources */ = {isa = PBXBuildFile; fileRef = AFBABF311FC828580001A5E5 /* CustomSegmentControl.m */; };
		AFBABF361FC847880001A5E5 /* iCarousel.m in Sources */ = {isa = PBXBuildFile; fileRef = AFBABF351FC847880001A5E5 /* iCarousel.m */; };
		AFBAE1611FB83B560002DE1B /* NetResultBase.m in Sources */ = {isa = PBXBuildFile; fileRef = AFBAE1601FB83B560002DE1B /* NetResultBase.m */; };
		AFBAE1651FB83D5B0002DE1B /* SysDataSaver.m in Sources */ = {isa = PBXBuildFile; fileRef = AFBAE1641FB83D5B0002DE1B /* SysDataSaver.m */; };
		AFBAE1681FB854140002DE1B /* CaptchaResult.m in Sources */ = {isa = PBXBuildFile; fileRef = AFBAE1671FB854140002DE1B /* CaptchaResult.m */; };
		AFBAE16B1FB8558A0002DE1B /* RegisterResult.m in Sources */ = {isa = PBXBuildFile; fileRef = AFBAE16A1FB8558A0002DE1B /* RegisterResult.m */; };
		AFBAE16E1FB856890002DE1B /* UserInfoResult.m in Sources */ = {isa = PBXBuildFile; fileRef = AFBAE16D1FB856890002DE1B /* UserInfoResult.m */; };
		AFBAE1711FB856CA0002DE1B /* UpdateUserInfoResult.m in Sources */ = {isa = PBXBuildFile; fileRef = AFBAE1701FB856CA0002DE1B /* UpdateUserInfoResult.m */; };
		AFBAE1741FB856F50002DE1B /* ResetPwdResult.m in Sources */ = {isa = PBXBuildFile; fileRef = AFBAE1731FB856F50002DE1B /* ResetPwdResult.m */; };
		AFBAE1771FB858C60002DE1B /* NoteListResult.m in Sources */ = {isa = PBXBuildFile; fileRef = AFBAE1761FB858C60002DE1B /* NoteListResult.m */; };
		AFBAE17A1FB8590B0002DE1B /* NoteItem.m in Sources */ = {isa = PBXBuildFile; fileRef = AFBAE1791FB8590B0002DE1B /* NoteItem.m */; };
		AFBAE17D1FB85EC50002DE1B /* MultySearchResult.m in Sources */ = {isa = PBXBuildFile; fileRef = AFBAE17C1FB85EC50002DE1B /* MultySearchResult.m */; };
		AFBAE1801FB85EF40002DE1B /* BookItem.m in Sources */ = {isa = PBXBuildFile; fileRef = AFBAE17F1FB85EF40002DE1B /* BookItem.m */; };
		AFC37B0C1FCBB02400711466 /* NoteListView.m in Sources */ = {isa = PBXBuildFile; fileRef = AFC37B0B1FCBB02400711466 /* NoteListView.m */; };
		AFC76ED01FC5AF4E00DF7FD9 /* BookInfoResult.m in Sources */ = {isa = PBXBuildFile; fileRef = AFC76ECF1FC5AF4E00DF7FD9 /* BookInfoResult.m */; };
		AFD56B221FC070AF0062BA20 /* UpdateUserInfoVC.m in Sources */ = {isa = PBXBuildFile; fileRef = AFD56B211FC070AF0062BA20 /* UpdateUserInfoVC.m */; };
		AFDEC9011FB4878F00926F38 /* NotesVC.m in Sources */ = {isa = PBXBuildFile; fileRef = AFDEC9001FB4878F00926F38 /* NotesVC.m */; };
		AFDEC9041FB487AB00926F38 /* BookroomVC.m in Sources */ = {isa = PBXBuildFile; fileRef = AFDEC9031FB487AB00926F38 /* BookroomVC.m */; };
		AFDEC9071FB487CB00926F38 /* NewbooksVC.m in Sources */ = {isa = PBXBuildFile; fileRef = AFDEC9061FB487CB00926F38 /* NewbooksVC.m */; };
/* End PBXBuildFile section */

/* Begin PBXFileReference section */
		AF036E291FC45680005A1765 /* FavoriteBooksResult.h */ = {isa = PBXFileReference; fileEncoding = 4; lastKnownFileType = sourcecode.c.h; path = FavoriteBooksResult.h; sourceTree = "<group>"; };
		AF036E2A1FC45680005A1765 /* FavoriteBooksResult.m */ = {isa = PBXFileReference; fileEncoding = 4; lastKnownFileType = sourcecode.c.objc; path = FavoriteBooksResult.m; sourceTree = "<group>"; };
		AF036E2C1FC45756005A1765 /* FavoriteBookListVC.h */ = {isa = PBXFileReference; fileEncoding = 4; lastKnownFileType = sourcecode.c.h; path = FavoriteBookListVC.h; sourceTree = "<group>"; };
		AF036E2D1FC45756005A1765 /* FavoriteBookListVC.m */ = {isa = PBXFileReference; fileEncoding = 4; lastKnownFileType = sourcecode.c.objc; path = FavoriteBookListVC.m; sourceTree = "<group>"; };
		AF036E2F1FC45CB1005A1765 /* FavoriteBookItem.h */ = {isa = PBXFileReference; fileEncoding = 4; lastKnownFileType = sourcecode.c.h; path = FavoriteBookItem.h; sourceTree = "<group>"; };
		AF036E301FC45CB1005A1765 /* FavoriteBookItem.m */ = {isa = PBXFileReference; fileEncoding = 4; lastKnownFileType = sourcecode.c.objc; path = FavoriteBookItem.m; sourceTree = "<group>"; };
		AF036E321FC45DA6005A1765 /* FavBookTableViewCell.h */ = {isa = PBXFileReference; fileEncoding = 4; lastKnownFileType = sourcecode.c.h; path = FavBookTableViewCell.h; sourceTree = "<group>"; };
		AF036E331FC45DA6005A1765 /* FavBookTableViewCell.m */ = {isa = PBXFileReference; fileEncoding = 4; lastKnownFileType = sourcecode.c.objc; path = FavBookTableViewCell.m; sourceTree = "<group>"; };
		AF036E351FC460CB005A1765 /* NoteBookListVC.h */ = {isa = PBXFileReference; fileEncoding = 4; lastKnownFileType = sourcecode.c.h; path = NoteBookListVC.h; sourceTree = "<group>"; };
		AF036E361FC460CB005A1765 /* NoteBookListVC.m */ = {isa = PBXFileReference; fileEncoding = 4; lastKnownFileType = sourcecode.c.objc; path = NoteBookListVC.m; sourceTree = "<group>"; };
		AF036E381FC4610E005A1765 /* NoteBookTableViewCell.h */ = {isa = PBXFileReference; fileEncoding = 4; lastKnownFileType = sourcecode.c.h; path = NoteBookTableViewCell.h; sourceTree = "<group>"; };
		AF036E391FC4610E005A1765 /* NoteBookTableViewCell.m */ = {isa = PBXFileReference; fileEncoding = 4; lastKnownFileType = sourcecode.c.objc; path = NoteBookTableViewCell.m; sourceTree = "<group>"; };
		AF036E3B1FC461B8005A1765 /* NoteBooksResult.h */ = {isa = PBXFileReference; fileEncoding = 4; lastKnownFileType = sourcecode.c.h; path = NoteBooksResult.h; sourceTree = "<group>"; };
		AF036E3C1FC461B8005A1765 /* NoteBooksResult.m */ = {isa = PBXFileReference; fileEncoding = 4; lastKnownFileType = sourcecode.c.objc; path = NoteBooksResult.m; sourceTree = "<group>"; };
		AF036E3E1FC4639F005A1765 /* NoteBookItem.h */ = {isa = PBXFileReference; fileEncoding = 4; lastKnownFileType = sourcecode.c.h; path = NoteBookItem.h; sourceTree = "<group>"; };
		AF036E3F1FC4639F005A1765 /* NoteBookItem.m */ = {isa = PBXFileReference; fileEncoding = 4; lastKnownFileType = sourcecode.c.objc; path = NoteBookItem.m; sourceTree = "<group>"; };
		AF04227E1FBC499E00D15E8E /* ChangePasswdResult.h */ = {isa = PBXFileReference; fileEncoding = 4; lastKnownFileType = sourcecode.c.h; path = ChangePasswdResult.h; sourceTree = "<group>"; };
		AF04227F1FBC499E00D15E8E /* ChangePasswdResult.m */ = {isa = PBXFileReference; fileEncoding = 4; lastKnownFileType = sourcecode.c.objc; path = ChangePasswdResult.m; sourceTree = "<group>"; };
		AF0422811FBC71B900D15E8E /* ChildrenInfoVC.h */ = {isa = PBXFileReference; fileEncoding = 4; lastKnownFileType = sourcecode.c.h; path = ChildrenInfoVC.h; sourceTree = "<group>"; };
		AF0422821FBC71B900D15E8E /* ChildrenInfoVC.m */ = {isa = PBXFileReference; fileEncoding = 4; lastKnownFileType = sourcecode.c.objc; path = ChildrenInfoVC.m; sourceTree = "<group>"; };
		AF0422841FBC77CD00D15E8E /* icon_emotion@2x.png */ = {isa = PBXFileReference; lastKnownFileType = image.png; path = "icon_emotion@2x.png"; sourceTree = "<group>"; };
		AF0422851FBC77CD00D15E8E /* icon_heart@2x.png */ = {isa = PBXFileReference; lastKnownFileType = image.png; path = "icon_heart@2x.png"; sourceTree = "<group>"; };
		AF0422861FBC77CD00D15E8E /* icon_note@2x.png */ = {isa = PBXFileReference; lastKnownFileType = image.png; path = "icon_note@2x.png"; sourceTree = "<group>"; };
		AF0422871FBC77CD00D15E8E /* icon_setting@2x.png */ = {isa = PBXFileReference; lastKnownFileType = image.png; path = "icon_setting@2x.png"; sourceTree = "<group>"; };
		AF04228C1FBC797A00D15E8E /* icon_photo@2x.png */ = {isa = PBXFileReference; lastKnownFileType = image.png; path = "icon_photo@2x.png"; sourceTree = "<group>"; };
		AF04228E1FBC88C900D15E8E /* radio_select@2x.png */ = {isa = PBXFileReference; lastKnownFileType = image.png; path = "radio_select@2x.png"; sourceTree = "<group>"; };
		AF04228F1FBC88C900D15E8E /* radio_unselect@2x.png */ = {isa = PBXFileReference; lastKnownFileType = image.png; path = "radio_unselect@2x.png"; sourceTree = "<group>"; };
		AF0422921FBC95C600D15E8E /* DatePickerView.h */ = {isa = PBXFileReference; fileEncoding = 4; lastKnownFileType = sourcecode.c.h; path = DatePickerView.h; sourceTree = "<group>"; };
		AF0422931FBC95C600D15E8E /* DatePickerView.m */ = {isa = PBXFileReference; fileEncoding = 4; lastKnownFileType = sourcecode.c.objc; path = DatePickerView.m; sourceTree = "<group>"; };
		AF04C5711FB359BE00C0C67B /* ResigterVC.h */ = {isa = PBXFileReference; fileEncoding = 4; lastKnownFileType = sourcecode.c.h; path = ResigterVC.h; sourceTree = "<group>"; };
		AF04C5721FB359BE00C0C67B /* ResigterVC.m */ = {isa = PBXFileReference; fileEncoding = 4; lastKnownFileType = sourcecode.c.objc; path = ResigterVC.m; sourceTree = "<group>"; };
		AF04C5741FB35A0800C0C67B /* MeVC.h */ = {isa = PBXFileReference; fileEncoding = 4; lastKnownFileType = sourcecode.c.h; path = MeVC.h; sourceTree = "<group>"; };
		AF04C5751FB35A0800C0C67B /* MeVC.m */ = {isa = PBXFileReference; fileEncoding = 4; lastKnownFileType = sourcecode.c.objc; path = MeVC.m; sourceTree = "<group>"; };
		AF14EAB11FB6FB770042683D /* NSData+Crypto.h */ = {isa = PBXFileReference; fileEncoding = 4; lastKnownFileType = sourcecode.c.h; path = "NSData+Crypto.h"; sourceTree = "<group>"; };
		AF14EAB21FB6FB770042683D /* NSData+Crypto.m */ = {isa = PBXFileReference; fileEncoding = 4; lastKnownFileType = sourcecode.c.objc; path = "NSData+Crypto.m"; sourceTree = "<group>"; };
		AF14EAB41FB7191D0042683D /* SetVC.h */ = {isa = PBXFileReference; fileEncoding = 4; lastKnownFileType = sourcecode.c.h; path = SetVC.h; sourceTree = "<group>"; };
		AF14EAB51FB7191D0042683D /* SetVC.m */ = {isa = PBXFileReference; fileEncoding = 4; lastKnownFileType = sourcecode.c.objc; path = SetVC.m; sourceTree = "<group>"; };
		AF14EAB71FB737F60042683D /* ModifyPwdVC.h */ = {isa = PBXFileReference; fileEncoding = 4; lastKnownFileType = sourcecode.c.h; path = ModifyPwdVC.h; sourceTree = "<group>"; };
		AF14EAB81FB737F60042683D /* ModifyPwdVC.m */ = {isa = PBXFileReference; fileEncoding = 4; lastKnownFileType = sourcecode.c.objc; path = ModifyPwdVC.m; sourceTree = "<group>"; };
		AF2308201FB3371200BEC151 /* Read.app */ = {isa = PBXFileReference; explicitFileType = wrapper.application; includeInIndex = 0; path = Read.app; sourceTree = BUILT_PRODUCTS_DIR; };
		AF2308241FB3371200BEC151 /* main.m */ = {isa = PBXFileReference; lastKnownFileType = sourcecode.c.objc; path = main.m; sourceTree = "<group>"; };
		AF2308261FB3371200BEC151 /* AppDelegate.h */ = {isa = PBXFileReference; lastKnownFileType = sourcecode.c.h; path = AppDelegate.h; sourceTree = "<group>"; };
		AF2308271FB3371200BEC151 /* AppDelegate.m */ = {isa = PBXFileReference; lastKnownFileType = sourcecode.c.objc; path = AppDelegate.m; sourceTree = "<group>"; };
		AF23082F1FB3371200BEC151 /* Assets.xcassets */ = {isa = PBXFileReference; lastKnownFileType = folder.assetcatalog; path = Assets.xcassets; sourceTree = "<group>"; };
		AF2308341FB3371200BEC151 /* Info.plist */ = {isa = PBXFileReference; lastKnownFileType = text.plist.xml; path = Info.plist; sourceTree = "<group>"; };
		AF23083C1FB33F5600BEC151 /* AFHTTPSessionManager.h */ = {isa = PBXFileReference; fileEncoding = 4; lastKnownFileType = sourcecode.c.h; path = AFHTTPSessionManager.h; sourceTree = "<group>"; };
		AF23083D1FB33F5600BEC151 /* AFHTTPSessionManager.m */ = {isa = PBXFileReference; fileEncoding = 4; lastKnownFileType = sourcecode.c.objc; path = AFHTTPSessionManager.m; sourceTree = "<group>"; };
		AF23083E1FB33F5600BEC151 /* AFNetworking.h */ = {isa = PBXFileReference; fileEncoding = 4; lastKnownFileType = sourcecode.c.h; path = AFNetworking.h; sourceTree = "<group>"; };
		AF23083F1FB33F5600BEC151 /* AFNetworkReachabilityManager.h */ = {isa = PBXFileReference; fileEncoding = 4; lastKnownFileType = sourcecode.c.h; path = AFNetworkReachabilityManager.h; sourceTree = "<group>"; };
		AF2308401FB33F5600BEC151 /* AFNetworkReachabilityManager.m */ = {isa = PBXFileReference; fileEncoding = 4; lastKnownFileType = sourcecode.c.objc; path = AFNetworkReachabilityManager.m; sourceTree = "<group>"; };
		AF2308411FB33F5600BEC151 /* AFSecurityPolicy.h */ = {isa = PBXFileReference; fileEncoding = 4; lastKnownFileType = sourcecode.c.h; path = AFSecurityPolicy.h; sourceTree = "<group>"; };
		AF2308421FB33F5600BEC151 /* AFSecurityPolicy.m */ = {isa = PBXFileReference; fileEncoding = 4; lastKnownFileType = sourcecode.c.objc; path = AFSecurityPolicy.m; sourceTree = "<group>"; };
		AF2308431FB33F5600BEC151 /* AFURLRequestSerialization.h */ = {isa = PBXFileReference; fileEncoding = 4; lastKnownFileType = sourcecode.c.h; path = AFURLRequestSerialization.h; sourceTree = "<group>"; };
		AF2308441FB33F5600BEC151 /* AFURLRequestSerialization.m */ = {isa = PBXFileReference; fileEncoding = 4; lastKnownFileType = sourcecode.c.objc; path = AFURLRequestSerialization.m; sourceTree = "<group>"; };
		AF2308451FB33F5600BEC151 /* AFURLResponseSerialization.h */ = {isa = PBXFileReference; fileEncoding = 4; lastKnownFileType = sourcecode.c.h; path = AFURLResponseSerialization.h; sourceTree = "<group>"; };
		AF2308461FB33F5600BEC151 /* AFURLResponseSerialization.m */ = {isa = PBXFileReference; fileEncoding = 4; lastKnownFileType = sourcecode.c.objc; path = AFURLResponseSerialization.m; sourceTree = "<group>"; };
		AF2308471FB33F5600BEC151 /* AFURLSessionManager.h */ = {isa = PBXFileReference; fileEncoding = 4; lastKnownFileType = sourcecode.c.h; path = AFURLSessionManager.h; sourceTree = "<group>"; };
		AF2308481FB33F5600BEC151 /* AFURLSessionManager.m */ = {isa = PBXFileReference; fileEncoding = 4; lastKnownFileType = sourcecode.c.objc; path = AFURLSessionManager.m; sourceTree = "<group>"; };
		AF23084A1FB33F5600BEC151 /* NSObject+Utility.h */ = {isa = PBXFileReference; fileEncoding = 4; lastKnownFileType = sourcecode.c.h; path = "NSObject+Utility.h"; sourceTree = "<group>"; };
		AF23084B1FB33F5600BEC151 /* NSObject+Utility.m */ = {isa = PBXFileReference; fileEncoding = 4; lastKnownFileType = sourcecode.c.objc; path = "NSObject+Utility.m"; sourceTree = "<group>"; };
		AF23084C1FB33F5600BEC151 /* NSString+Utility.h */ = {isa = PBXFileReference; fileEncoding = 4; lastKnownFileType = sourcecode.c.h; path = "NSString+Utility.h"; sourceTree = "<group>"; };
		AF23084D1FB33F5600BEC151 /* NSString+Utility.m */ = {isa = PBXFileReference; fileEncoding = 4; lastKnownFileType = sourcecode.c.objc; path = "NSString+Utility.m"; sourceTree = "<group>"; };
		AF23084E1FB33F5600BEC151 /* UIAlertController+Orientations.h */ = {isa = PBXFileReference; fileEncoding = 4; lastKnownFileType = sourcecode.c.h; path = "UIAlertController+Orientations.h"; sourceTree = "<group>"; };
		AF23084F1FB33F5600BEC151 /* UIAlertController+Orientations.m */ = {isa = PBXFileReference; fileEncoding = 4; lastKnownFileType = sourcecode.c.objc; path = "UIAlertController+Orientations.m"; sourceTree = "<group>"; };
		AF2308501FB33F5600BEC151 /* UIColor+Utility.h */ = {isa = PBXFileReference; fileEncoding = 4; lastKnownFileType = sourcecode.c.h; path = "UIColor+Utility.h"; sourceTree = "<group>"; };
		AF2308511FB33F5600BEC151 /* UIColor+Utility.m */ = {isa = PBXFileReference; fileEncoding = 4; lastKnownFileType = sourcecode.c.objc; path = "UIColor+Utility.m"; sourceTree = "<group>"; };
		AF2308521FB33F5600BEC151 /* UIImage+ResizeMagick.h */ = {isa = PBXFileReference; fileEncoding = 4; lastKnownFileType = sourcecode.c.h; path = "UIImage+ResizeMagick.h"; sourceTree = "<group>"; };
		AF2308531FB33F5600BEC151 /* UIImage+ResizeMagick.m */ = {isa = PBXFileReference; fileEncoding = 4; lastKnownFileType = sourcecode.c.objc; path = "UIImage+ResizeMagick.m"; sourceTree = "<group>"; };
		AF2308541FB33F5600BEC151 /* UIImage+Utility.h */ = {isa = PBXFileReference; fileEncoding = 4; lastKnownFileType = sourcecode.c.h; path = "UIImage+Utility.h"; sourceTree = "<group>"; };
		AF2308551FB33F5600BEC151 /* UIImage+Utility.m */ = {isa = PBXFileReference; fileEncoding = 4; lastKnownFileType = sourcecode.c.objc; path = "UIImage+Utility.m"; sourceTree = "<group>"; };
		AF2308561FB33F5600BEC151 /* UIView+SizeUtility.h */ = {isa = PBXFileReference; fileEncoding = 4; lastKnownFileType = sourcecode.c.h; path = "UIView+SizeUtility.h"; sourceTree = "<group>"; };
		AF2308571FB33F5600BEC151 /* UIView+SizeUtility.m */ = {isa = PBXFileReference; fileEncoding = 4; lastKnownFileType = sourcecode.c.objc; path = "UIView+SizeUtility.m"; sourceTree = "<group>"; };
		AF2308591FB33F5600BEC151 /* MJRefresh.bundle */ = {isa = PBXFileReference; lastKnownFileType = "wrapper.plug-in"; path = MJRefresh.bundle; sourceTree = "<group>"; };
		AF23085A1FB33F5600BEC151 /* MJRefresh.h */ = {isa = PBXFileReference; fileEncoding = 4; lastKnownFileType = sourcecode.c.h; path = MJRefresh.h; sourceTree = "<group>"; };
		AF23085B1FB33F5600BEC151 /* MJRefreshBaseView.h */ = {isa = PBXFileReference; fileEncoding = 4; lastKnownFileType = sourcecode.c.h; path = MJRefreshBaseView.h; sourceTree = "<group>"; };
		AF23085C1FB33F5600BEC151 /* MJRefreshBaseView.m */ = {isa = PBXFileReference; fileEncoding = 4; lastKnownFileType = sourcecode.c.objc; path = MJRefreshBaseView.m; sourceTree = "<group>"; };
		AF23085D1FB33F5600BEC151 /* MJRefreshConst.h */ = {isa = PBXFileReference; fileEncoding = 4; lastKnownFileType = sourcecode.c.h; path = MJRefreshConst.h; sourceTree = "<group>"; };
		AF23085E1FB33F5600BEC151 /* MJRefreshConst.m */ = {isa = PBXFileReference; fileEncoding = 4; lastKnownFileType = sourcecode.c.objc; path = MJRefreshConst.m; sourceTree = "<group>"; };
		AF23085F1FB33F5600BEC151 /* MJRefreshFooterView.h */ = {isa = PBXFileReference; fileEncoding = 4; lastKnownFileType = sourcecode.c.h; path = MJRefreshFooterView.h; sourceTree = "<group>"; };
		AF2308601FB33F5600BEC151 /* MJRefreshFooterView.m */ = {isa = PBXFileReference; fileEncoding = 4; lastKnownFileType = sourcecode.c.objc; path = MJRefreshFooterView.m; sourceTree = "<group>"; };
		AF2308611FB33F5600BEC151 /* MJRefreshHeaderView.h */ = {isa = PBXFileReference; fileEncoding = 4; lastKnownFileType = sourcecode.c.h; path = MJRefreshHeaderView.h; sourceTree = "<group>"; };
		AF2308621FB33F5600BEC151 /* MJRefreshHeaderView.m */ = {isa = PBXFileReference; fileEncoding = 4; lastKnownFileType = sourcecode.c.objc; path = MJRefreshHeaderView.m; sourceTree = "<group>"; };
		AF2308641FB33F5600BEC151 /* AIActionSheet.h */ = {isa = PBXFileReference; fileEncoding = 4; lastKnownFileType = sourcecode.c.h; path = AIActionSheet.h; sourceTree = "<group>"; };
		AF2308651FB33F5600BEC151 /* AIActionSheet.m */ = {isa = PBXFileReference; fileEncoding = 4; lastKnownFileType = sourcecode.c.objc; path = AIActionSheet.m; sourceTree = "<group>"; };
		AF2308661FB33F5600BEC151 /* AICommonDef.h */ = {isa = PBXFileReference; fileEncoding = 4; lastKnownFileType = sourcecode.c.h; path = AICommonDef.h; sourceTree = "<group>"; };
		AF2308671FB33F5600BEC151 /* AINavigationController.h */ = {isa = PBXFileReference; fileEncoding = 4; lastKnownFileType = sourcecode.c.h; path = AINavigationController.h; sourceTree = "<group>"; };
		AF2308681FB33F5600BEC151 /* AINavigationController.m */ = {isa = PBXFileReference; fileEncoding = 4; lastKnownFileType = sourcecode.c.objc; path = AINavigationController.m; sourceTree = "<group>"; };
		AF2308691FB33F5600BEC151 /* BaseVC.h */ = {isa = PBXFileReference; fileEncoding = 4; lastKnownFileType = sourcecode.c.h; path = BaseVC.h; sourceTree = "<group>"; };
		AF23086A1FB33F5600BEC151 /* BaseVC.m */ = {isa = PBXFileReference; fileEncoding = 4; lastKnownFileType = sourcecode.c.objc; path = BaseVC.m; sourceTree = "<group>"; };
		AF23086D1FB33F5600BEC151 /* DeviceInfo.h */ = {isa = PBXFileReference; fileEncoding = 4; lastKnownFileType = sourcecode.c.h; path = DeviceInfo.h; sourceTree = "<group>"; };
		AF23086E1FB33F5600BEC151 /* DeviceInfo.m */ = {isa = PBXFileReference; fileEncoding = 4; lastKnownFileType = sourcecode.c.objc; path = DeviceInfo.m; sourceTree = "<group>"; };
		AF23086F1FB33F5600BEC151 /* FadePromptView.h */ = {isa = PBXFileReference; fileEncoding = 4; lastKnownFileType = sourcecode.c.h; path = FadePromptView.h; sourceTree = "<group>"; };
		AF2308701FB33F5600BEC151 /* FadePromptView.m */ = {isa = PBXFileReference; fileEncoding = 4; lastKnownFileType = sourcecode.c.objc; path = FadePromptView.m; sourceTree = "<group>"; };
		AF2308711FB33F5600BEC151 /* FileCache.h */ = {isa = PBXFileReference; fileEncoding = 4; lastKnownFileType = sourcecode.c.h; path = FileCache.h; sourceTree = "<group>"; };
		AF2308721FB33F5600BEC151 /* FileCache.m */ = {isa = PBXFileReference; fileEncoding = 4; lastKnownFileType = sourcecode.c.objc; path = FileCache.m; sourceTree = "<group>"; };
		AF2308731FB33F5600BEC151 /* LineView.h */ = {isa = PBXFileReference; fileEncoding = 4; lastKnownFileType = sourcecode.c.h; path = LineView.h; sourceTree = "<group>"; };
		AF2308741FB33F5600BEC151 /* LineView.m */ = {isa = PBXFileReference; fileEncoding = 4; lastKnownFileType = sourcecode.c.objc; path = LineView.m; sourceTree = "<group>"; };
		AF23087C1FB33F5600BEC151 /* MKAnnotationView+WebCache.h */ = {isa = PBXFileReference; fileEncoding = 4; lastKnownFileType = sourcecode.c.h; path = "MKAnnotationView+WebCache.h"; sourceTree = "<group>"; };
		AF23087D1FB33F5600BEC151 /* MKAnnotationView+WebCache.m */ = {isa = PBXFileReference; fileEncoding = 4; lastKnownFileType = sourcecode.c.objc; path = "MKAnnotationView+WebCache.m"; sourceTree = "<group>"; };
		AF23087E1FB33F5600BEC151 /* NSData+ImageContentType.h */ = {isa = PBXFileReference; fileEncoding = 4; lastKnownFileType = sourcecode.c.h; path = "NSData+ImageContentType.h"; sourceTree = "<group>"; };
		AF23087F1FB33F5600BEC151 /* NSData+ImageContentType.m */ = {isa = PBXFileReference; fileEncoding = 4; lastKnownFileType = sourcecode.c.objc; path = "NSData+ImageContentType.m"; sourceTree = "<group>"; };
		AF2308801FB33F5600BEC151 /* SDImageCache.h */ = {isa = PBXFileReference; fileEncoding = 4; lastKnownFileType = sourcecode.c.h; path = SDImageCache.h; sourceTree = "<group>"; };
		AF2308811FB33F5600BEC151 /* SDImageCache.m */ = {isa = PBXFileReference; fileEncoding = 4; lastKnownFileType = sourcecode.c.objc; path = SDImageCache.m; sourceTree = "<group>"; };
		AF2308821FB33F5600BEC151 /* SDWebImageCompat.h */ = {isa = PBXFileReference; fileEncoding = 4; lastKnownFileType = sourcecode.c.h; path = SDWebImageCompat.h; sourceTree = "<group>"; };
		AF2308831FB33F5600BEC151 /* SDWebImageCompat.m */ = {isa = PBXFileReference; fileEncoding = 4; lastKnownFileType = sourcecode.c.objc; path = SDWebImageCompat.m; sourceTree = "<group>"; };
		AF2308841FB33F5600BEC151 /* SDWebImageDecoder.h */ = {isa = PBXFileReference; fileEncoding = 4; lastKnownFileType = sourcecode.c.h; path = SDWebImageDecoder.h; sourceTree = "<group>"; };
		AF2308851FB33F5600BEC151 /* SDWebImageDecoder.m */ = {isa = PBXFileReference; fileEncoding = 4; lastKnownFileType = sourcecode.c.objc; path = SDWebImageDecoder.m; sourceTree = "<group>"; };
		AF2308861FB33F5600BEC151 /* SDWebImageDownloader.h */ = {isa = PBXFileReference; fileEncoding = 4; lastKnownFileType = sourcecode.c.h; path = SDWebImageDownloader.h; sourceTree = "<group>"; };
		AF2308871FB33F5600BEC151 /* SDWebImageDownloader.m */ = {isa = PBXFileReference; fileEncoding = 4; lastKnownFileType = sourcecode.c.objc; path = SDWebImageDownloader.m; sourceTree = "<group>"; };
		AF2308881FB33F5600BEC151 /* SDWebImageDownloaderOperation.h */ = {isa = PBXFileReference; fileEncoding = 4; lastKnownFileType = sourcecode.c.h; path = SDWebImageDownloaderOperation.h; sourceTree = "<group>"; };
		AF2308891FB33F5600BEC151 /* SDWebImageDownloaderOperation.m */ = {isa = PBXFileReference; fileEncoding = 4; lastKnownFileType = sourcecode.c.objc; path = SDWebImageDownloaderOperation.m; sourceTree = "<group>"; };
		AF23088A1FB33F5600BEC151 /* SDWebImageManager.h */ = {isa = PBXFileReference; fileEncoding = 4; lastKnownFileType = sourcecode.c.h; path = SDWebImageManager.h; sourceTree = "<group>"; };
		AF23088B1FB33F5600BEC151 /* SDWebImageManager.m */ = {isa = PBXFileReference; fileEncoding = 4; lastKnownFileType = sourcecode.c.objc; path = SDWebImageManager.m; sourceTree = "<group>"; };
		AF23088C1FB33F5600BEC151 /* SDWebImageOperation.h */ = {isa = PBXFileReference; fileEncoding = 4; lastKnownFileType = sourcecode.c.h; path = SDWebImageOperation.h; sourceTree = "<group>"; };
		AF23088D1FB33F5600BEC151 /* SDWebImagePrefetcher.h */ = {isa = PBXFileReference; fileEncoding = 4; lastKnownFileType = sourcecode.c.h; path = SDWebImagePrefetcher.h; sourceTree = "<group>"; };
		AF23088E1FB33F5600BEC151 /* SDWebImagePrefetcher.m */ = {isa = PBXFileReference; fileEncoding = 4; lastKnownFileType = sourcecode.c.objc; path = SDWebImagePrefetcher.m; sourceTree = "<group>"; };
		AF23088F1FB33F5600BEC151 /* UIButton+WebCache.h */ = {isa = PBXFileReference; fileEncoding = 4; lastKnownFileType = sourcecode.c.h; path = "UIButton+WebCache.h"; sourceTree = "<group>"; };
		AF2308901FB33F5600BEC151 /* UIButton+WebCache.m */ = {isa = PBXFileReference; fileEncoding = 4; lastKnownFileType = sourcecode.c.objc; path = "UIButton+WebCache.m"; sourceTree = "<group>"; };
		AF2308911FB33F5600BEC151 /* UIImage+GIF.h */ = {isa = PBXFileReference; fileEncoding = 4; lastKnownFileType = sourcecode.c.h; path = "UIImage+GIF.h"; sourceTree = "<group>"; };
		AF2308921FB33F5600BEC151 /* UIImage+GIF.m */ = {isa = PBXFileReference; fileEncoding = 4; lastKnownFileType = sourcecode.c.objc; path = "UIImage+GIF.m"; sourceTree = "<group>"; };
		AF2308931FB33F5600BEC151 /* UIImage+MultiFormat.h */ = {isa = PBXFileReference; fileEncoding = 4; lastKnownFileType = sourcecode.c.h; path = "UIImage+MultiFormat.h"; sourceTree = "<group>"; };
		AF2308941FB33F5600BEC151 /* UIImage+MultiFormat.m */ = {isa = PBXFileReference; fileEncoding = 4; lastKnownFileType = sourcecode.c.objc; path = "UIImage+MultiFormat.m"; sourceTree = "<group>"; };
		AF2308951FB33F5600BEC151 /* UIImage+WebP.h */ = {isa = PBXFileReference; fileEncoding = 4; lastKnownFileType = sourcecode.c.h; path = "UIImage+WebP.h"; sourceTree = "<group>"; };
		AF2308961FB33F5600BEC151 /* UIImage+WebP.m */ = {isa = PBXFileReference; fileEncoding = 4; lastKnownFileType = sourcecode.c.objc; path = "UIImage+WebP.m"; sourceTree = "<group>"; };
		AF2308971FB33F5600BEC151 /* UIImageView+HighlightedWebCache.h */ = {isa = PBXFileReference; fileEncoding = 4; lastKnownFileType = sourcecode.c.h; path = "UIImageView+HighlightedWebCache.h"; sourceTree = "<group>"; };
		AF2308981FB33F5600BEC151 /* UIImageView+HighlightedWebCache.m */ = {isa = PBXFileReference; fileEncoding = 4; lastKnownFileType = sourcecode.c.objc; path = "UIImageView+HighlightedWebCache.m"; sourceTree = "<group>"; };
		AF2308991FB33F5600BEC151 /* UIImageView+WebCache.h */ = {isa = PBXFileReference; fileEncoding = 4; lastKnownFileType = sourcecode.c.h; path = "UIImageView+WebCache.h"; sourceTree = "<group>"; };
		AF23089A1FB33F5600BEC151 /* UIImageView+WebCache.m */ = {isa = PBXFileReference; fileEncoding = 4; lastKnownFileType = sourcecode.c.objc; path = "UIImageView+WebCache.m"; sourceTree = "<group>"; };
		AF23089B1FB33F5600BEC151 /* UIView+WebCacheOperation.h */ = {isa = PBXFileReference; fileEncoding = 4; lastKnownFileType = sourcecode.c.h; path = "UIView+WebCacheOperation.h"; sourceTree = "<group>"; };
		AF23089C1FB33F5600BEC151 /* UIView+WebCacheOperation.m */ = {isa = PBXFileReference; fileEncoding = 4; lastKnownFileType = sourcecode.c.objc; path = "UIView+WebCacheOperation.m"; sourceTree = "<group>"; };
		AF23089E1FB33F5600BEC151 /* SVProgressHUD.bundle */ = {isa = PBXFileReference; lastKnownFileType = "wrapper.plug-in"; path = SVProgressHUD.bundle; sourceTree = "<group>"; };
		AF23089F1FB33F5600BEC151 /* SVProgressHUD.h */ = {isa = PBXFileReference; fileEncoding = 4; lastKnownFileType = sourcecode.c.h; path = SVProgressHUD.h; sourceTree = "<group>"; };
		AF2308A01FB33F5600BEC151 /* SVProgressHUD.m */ = {isa = PBXFileReference; fileEncoding = 4; lastKnownFileType = sourcecode.c.objc; path = SVProgressHUD.m; sourceTree = "<group>"; };
		AF2308D01FB340EB00BEC151 /* MainVCManager.h */ = {isa = PBXFileReference; fileEncoding = 4; lastKnownFileType = sourcecode.c.h; path = MainVCManager.h; sourceTree = "<group>"; };
		AF2308D11FB340EB00BEC151 /* MainVCManager.m */ = {isa = PBXFileReference; fileEncoding = 4; lastKnownFileType = sourcecode.c.objc; path = MainVCManager.m; sourceTree = "<group>"; };
		AF2308DC1FB342CE00BEC151 /* LoginResult.h */ = {isa = PBXFileReference; fileEncoding = 4; lastKnownFileType = sourcecode.c.h; path = LoginResult.h; sourceTree = "<group>"; };
		AF2308DD1FB342CE00BEC151 /* LoginResult.m */ = {isa = PBXFileReference; fileEncoding = 4; lastKnownFileType = sourcecode.c.objc; path = LoginResult.m; sourceTree = "<group>"; };
		AF2308DF1FB342CE00BEC151 /* HomeTabVC.h */ = {isa = PBXFileReference; fileEncoding = 4; lastKnownFileType = sourcecode.c.h; path = HomeTabVC.h; sourceTree = "<group>"; };
		AF2308E01FB342CE00BEC151 /* HomeTabVC.m */ = {isa = PBXFileReference; fileEncoding = 4; lastKnownFileType = sourcecode.c.objc; path = HomeTabVC.m; sourceTree = "<group>"; };
		AF2308E11FB342CE00BEC151 /* LoginVC.h */ = {isa = PBXFileReference; fileEncoding = 4; lastKnownFileType = sourcecode.c.h; path = LoginVC.h; sourceTree = "<group>"; };
		AF2308E21FB342CE00BEC151 /* LoginVC.m */ = {isa = PBXFileReference; fileEncoding = 4; lastKnownFileType = sourcecode.c.objc; path = LoginVC.m; sourceTree = "<group>"; };
		AF42D9B51FC536A7006DEDE8 /* BookInfoView.h */ = {isa = PBXFileReference; fileEncoding = 4; lastKnownFileType = sourcecode.c.h; path = BookInfoView.h; sourceTree = "<group>"; };
		AF42D9B61FC536A7006DEDE8 /* BookInfoView.m */ = {isa = PBXFileReference; fileEncoding = 4; lastKnownFileType = sourcecode.c.objc; path = BookInfoView.m; sourceTree = "<group>"; };
		AF42D9B81FC537A6006DEDE8 /* book_detail_bg@2x.png */ = {isa = PBXFileReference; lastKnownFileType = image.png; path = "book_detail_bg@2x.png"; sourceTree = "<group>"; };
		AF42D9BA1FC5468A006DEDE8 /* icon_heart_white@2x.png */ = {isa = PBXFileReference; lastKnownFileType = image.png; path = "icon_heart_white@2x.png"; sourceTree = "<group>"; };
		AF42D9BC1FC553BF006DEDE8 /* BookContentView.h */ = {isa = PBXFileReference; fileEncoding = 4; lastKnownFileType = sourcecode.c.h; path = BookContentView.h; sourceTree = "<group>"; };
		AF42D9BD1FC553BF006DEDE8 /* BookContentView.m */ = {isa = PBXFileReference; fileEncoding = 4; lastKnownFileType = sourcecode.c.objc; path = BookContentView.m; sourceTree = "<group>"; };
		AF4C90CB1FBF168C003148EC /* ChildInfoResult.h */ = {isa = PBXFileReference; fileEncoding = 4; lastKnownFileType = sourcecode.c.h; path = ChildInfoResult.h; sourceTree = "<group>"; };
		AF4C90CC1FBF168C003148EC /* ChildInfoResult.m */ = {isa = PBXFileReference; fileEncoding = 4; lastKnownFileType = sourcecode.c.objc; path = ChildInfoResult.m; sourceTree = "<group>"; };
		AF4C90CE1FBF1D2A003148EC /* AddChildrenResult.h */ = {isa = PBXFileReference; fileEncoding = 4; lastKnownFileType = sourcecode.c.h; path = AddChildrenResult.h; sourceTree = "<group>"; };
		AF4C90CF1FBF1D2A003148EC /* AddChildrenResult.m */ = {isa = PBXFileReference; fileEncoding = 4; lastKnownFileType = sourcecode.c.objc; path = AddChildrenResult.m; sourceTree = "<group>"; };
		AF4EE7F01FCAD50C00161746 /* BookIntroduceView.h */ = {isa = PBXFileReference; fileEncoding = 4; lastKnownFileType = sourcecode.c.h; path = BookIntroduceView.h; sourceTree = "<group>"; };
		AF4EE7F11FCAD50C00161746 /* BookIntroduceView.m */ = {isa = PBXFileReference; fileEncoding = 4; lastKnownFileType = sourcecode.c.objc; path = BookIntroduceView.m; sourceTree = "<group>"; };
		AF506F8B1FB5E26700470C01 /* icon_pwd@2x.png */ = {isa = PBXFileReference; lastKnownFileType = image.png; path = "icon_pwd@2x.png"; sourceTree = "<group>"; };
		AF506F8C1FB5E26700470C01 /* icon_user@2x.png */ = {isa = PBXFileReference; lastKnownFileType = image.png; path = "icon_user@2x.png"; sourceTree = "<group>"; };
		AF506F931FB5E6C600470C01 /* ConstantDef.h */ = {isa = PBXFileReference; lastKnownFileType = sourcecode.c.h; path = ConstantDef.h; sourceTree = "<group>"; };
		AF506F941FB5E7BE00470C01 /* Read-Prefix.pch */ = {isa = PBXFileReference; lastKnownFileType = sourcecode.c.h; path = "Read-Prefix.pch"; sourceTree = "<group>"; };
		AF506F951FB6071800470C01 /* ForgetPwdVC.h */ = {isa = PBXFileReference; fileEncoding = 4; lastKnownFileType = sourcecode.c.h; path = ForgetPwdVC.h; sourceTree = "<group>"; };
		AF506F961FB6071800470C01 /* ForgetPwdVC.m */ = {isa = PBXFileReference; fileEncoding = 4; lastKnownFileType = sourcecode.c.objc; path = ForgetPwdVC.m; sourceTree = "<group>"; };
		AF506F981FB609C800470C01 /* back@2x.png */ = {isa = PBXFileReference; lastKnownFileType = image.png; path = "back@2x.png"; sourceTree = "<group>"; };
		AF683D7F1FB81ADE00AB69EC /* ReadNetRequestParam.h */ = {isa = PBXFileReference; fileEncoding = 4; lastKnownFileType = sourcecode.c.h; path = ReadNetRequestParam.h; sourceTree = "<group>"; };
		AF683D801FB81ADE00AB69EC /* ReadNetRequestParam.m */ = {isa = PBXFileReference; fileEncoding = 4; lastKnownFileType = sourcecode.c.objc; path = ReadNetRequestParam.m; sourceTree = "<group>"; };
		AF683D851FB81B5800AB69EC /* NetworkTask.h */ = {isa = PBXFileReference; fileEncoding = 4; lastKnownFileType = sourcecode.c.h; path = NetworkTask.h; sourceTree = "<group>"; };
		AF683D861FB81B5800AB69EC /* NetworkTask.m */ = {isa = PBXFileReference; fileEncoding = 4; lastKnownFileType = sourcecode.c.objc; path = NetworkTask.m; sourceTree = "<group>"; };
		AF88AB301FC1540400E885D5 /* UploadUserAvatarResult.h */ = {isa = PBXFileReference; fileEncoding = 4; lastKnownFileType = sourcecode.c.h; path = UploadUserAvatarResult.h; sourceTree = "<group>"; };
		AF88AB311FC1540400E885D5 /* UploadUserAvatarResult.m */ = {isa = PBXFileReference; fileEncoding = 4; lastKnownFileType = sourcecode.c.objc; path = UploadUserAvatarResult.m; sourceTree = "<group>"; };
		AF88AB331FC1723900E885D5 /* shucheng_bg@2x.png */ = {isa = PBXFileReference; lastKnownFileType = image.png; path = "shucheng_bg@2x.png"; sourceTree = "<group>"; };
		AF88AB351FC1A83800E885D5 /* book_cover@2x.png */ = {isa = PBXFileReference; lastKnownFileType = image.png; path = "book_cover@2x.png"; sourceTree = "<group>"; };
		AF88AB371FC1AA9A00E885D5 /* RecBooksResult.h */ = {isa = PBXFileReference; fileEncoding = 4; lastKnownFileType = sourcecode.c.h; path = RecBooksResult.h; sourceTree = "<group>"; };
		AF88AB381FC1AA9A00E885D5 /* RecBooksResult.m */ = {isa = PBXFileReference; fileEncoding = 4; lastKnownFileType = sourcecode.c.objc; path = RecBooksResult.m; sourceTree = "<group>"; };
		AF94FDF31FB9DD5F0086CB22 /* tb-biji-sel@2x.png */ = {isa = PBXFileReference; lastKnownFileType = image.png; path = "tb-biji-sel@2x.png"; sourceTree = "<group>"; };
		AF94FDF41FB9DD5F0086CB22 /* tb-biji@2x.png */ = {isa = PBXFileReference; lastKnownFileType = image.png; path = "tb-biji@2x.png"; sourceTree = "<group>"; };
		AF94FDF51FB9DD5F0086CB22 /* tb-me-sel@2x.png */ = {isa = PBXFileReference; lastKnownFileType = image.png; path = "tb-me-sel@2x.png"; sourceTree = "<group>"; };
		AF94FDF61FB9DD5F0086CB22 /* tb-me@2x.png */ = {isa = PBXFileReference; lastKnownFileType = image.png; path = "tb-me@2x.png"; sourceTree = "<group>"; };
		AF94FDF71FB9DD5F0086CB22 /* tb-shuku-sel@2x.png */ = {isa = PBXFileReference; lastKnownFileType = image.png; path = "tb-shuku-sel@2x.png"; sourceTree = "<group>"; };
		AF94FDF81FB9DD5F0086CB22 /* tb-shuku@2x.png */ = {isa = PBXFileReference; lastKnownFileType = image.png; path = "tb-shuku@2x.png"; sourceTree = "<group>"; };
		AF94FDF91FB9DD5F0086CB22 /* tb-xinshu-sel@2x.png */ = {isa = PBXFileReference; lastKnownFileType = image.png; path = "tb-xinshu-sel@2x.png"; sourceTree = "<group>"; };
		AF94FDFA1FB9DD5F0086CB22 /* tb-xinshu@2x.png */ = {isa = PBXFileReference; lastKnownFileType = image.png; path = "tb-xinshu@2x.png"; sourceTree = "<group>"; };
		AFAFB75D1FC282F100663862 /* BookDetailVC.h */ = {isa = PBXFileReference; fileEncoding = 4; lastKnownFileType = sourcecode.c.h; path = BookDetailVC.h; sourceTree = "<group>"; };
		AFAFB75E1FC282F100663862 /* BookDetailVC.m */ = {isa = PBXFileReference; fileEncoding = 4; lastKnownFileType = sourcecode.c.objc; path = BookDetailVC.m; sourceTree = "<group>"; };
		AFAFB7611FC298A700663862 /* zh-Hans */ = {isa = PBXFileReference; lastKnownFileType = text.plist.strings; name = "zh-Hans"; path = "zh-Hans.lproj/InfoPlist.strings"; sourceTree = "<group>"; };
		AFAFB7631FC298D100663862 /* en */ = {isa = PBXFileReference; lastKnownFileType = text.plist.strings; name = en; path = en.lproj/InfoPlist.strings; sourceTree = "<group>"; };
		AFAFB7641FC2ABC100663862 /* BookListVC.h */ = {isa = PBXFileReference; fileEncoding = 4; lastKnownFileType = sourcecode.c.h; path = BookListVC.h; sourceTree = "<group>"; };
		AFAFB7651FC2ABC100663862 /* BookListVC.m */ = {isa = PBXFileReference; fileEncoding = 4; lastKnownFileType = sourcecode.c.objc; path = BookListVC.m; sourceTree = "<group>"; };
		AFAFB7671FC2ACB800663862 /* BookTableViewCell.h */ = {isa = PBXFileReference; fileEncoding = 4; lastKnownFileType = sourcecode.c.h; path = BookTableViewCell.h; sourceTree = "<group>"; };
		AFAFB7681FC2ACB800663862 /* BookTableViewCell.m */ = {isa = PBXFileReference; fileEncoding = 4; lastKnownFileType = sourcecode.c.objc; path = BookTableViewCell.m; sourceTree = "<group>"; };
		AFAFB76A1FC2BB8F00663862 /* heart_empty@2x.png */ = {isa = PBXFileReference; lastKnownFileType = image.png; path = "heart_empty@2x.png"; sourceTree = "<group>"; };
		AFAFB76B1FC2BB8F00663862 /* heart_read@2x.png */ = {isa = PBXFileReference; lastKnownFileType = image.png; path = "heart_read@2x.png"; sourceTree = "<group>"; };
		AFBABF2B1FC6CA0F0001A5E5 /* StoreBookResult.h */ = {isa = PBXFileReference; fileEncoding = 4; lastKnownFileType = sourcecode.c.h; path = StoreBookResult.h; sourceTree = "<group>"; };
		AFBABF2C1FC6CA0F0001A5E5 /* StoreBookResult.m */ = {isa = PBXFileReference; fileEncoding = 4; lastKnownFileType = sourcecode.c.objc; path = StoreBookResult.m; sourceTree = "<group>"; };
		AFBABF2E1FC7E31C0001A5E5 /* icon_edit@2x.png */ = {isa = PBXFileReference; lastKnownFileType = image.png; path = "icon_edit@2x.png"; sourceTree = "<group>"; };
		AFBABF301FC828580001A5E5 /* CustomSegmentControl.h */ = {isa = PBXFileReference; fileEncoding = 4; lastKnownFileType = sourcecode.c.h; path = CustomSegmentControl.h; sourceTree = "<group>"; };
		AFBABF311FC828580001A5E5 /* CustomSegmentControl.m */ = {isa = PBXFileReference; fileEncoding = 4; lastKnownFileType = sourcecode.c.objc; path = CustomSegmentControl.m; sourceTree = "<group>"; };
		AFBABF341FC847880001A5E5 /* iCarousel.h */ = {isa = PBXFileReference; fileEncoding = 4; lastKnownFileType = sourcecode.c.h; path = iCarousel.h; sourceTree = "<group>"; };
		AFBABF351FC847880001A5E5 /* iCarousel.m */ = {isa = PBXFileReference; fileEncoding = 4; lastKnownFileType = sourcecode.c.objc; path = iCarousel.m; sourceTree = "<group>"; };
		AFBAE15F1FB83B560002DE1B /* NetResultBase.h */ = {isa = PBXFileReference; fileEncoding = 4; lastKnownFileType = sourcecode.c.h; path = NetResultBase.h; sourceTree = "<group>"; };
		AFBAE1601FB83B560002DE1B /* NetResultBase.m */ = {isa = PBXFileReference; fileEncoding = 4; lastKnownFileType = sourcecode.c.objc; path = NetResultBase.m; sourceTree = "<group>"; };
		AFBAE1631FB83D5B0002DE1B /* SysDataSaver.h */ = {isa = PBXFileReference; fileEncoding = 4; lastKnownFileType = sourcecode.c.h; path = SysDataSaver.h; sourceTree = "<group>"; };
		AFBAE1641FB83D5B0002DE1B /* SysDataSaver.m */ = {isa = PBXFileReference; fileEncoding = 4; lastKnownFileType = sourcecode.c.objc; path = SysDataSaver.m; sourceTree = "<group>"; };
		AFBAE1661FB854140002DE1B /* CaptchaResult.h */ = {isa = PBXFileReference; fileEncoding = 4; lastKnownFileType = sourcecode.c.h; path = CaptchaResult.h; sourceTree = "<group>"; };
		AFBAE1671FB854140002DE1B /* CaptchaResult.m */ = {isa = PBXFileReference; fileEncoding = 4; lastKnownFileType = sourcecode.c.objc; path = CaptchaResult.m; sourceTree = "<group>"; };
		AFBAE1691FB8558A0002DE1B /* RegisterResult.h */ = {isa = PBXFileReference; fileEncoding = 4; lastKnownFileType = sourcecode.c.h; path = RegisterResult.h; sourceTree = "<group>"; };
		AFBAE16A1FB8558A0002DE1B /* RegisterResult.m */ = {isa = PBXFileReference; fileEncoding = 4; lastKnownFileType = sourcecode.c.objc; path = RegisterResult.m; sourceTree = "<group>"; };
		AFBAE16C1FB856890002DE1B /* UserInfoResult.h */ = {isa = PBXFileReference; fileEncoding = 4; lastKnownFileType = sourcecode.c.h; path = UserInfoResult.h; sourceTree = "<group>"; };
		AFBAE16D1FB856890002DE1B /* UserInfoResult.m */ = {isa = PBXFileReference; fileEncoding = 4; lastKnownFileType = sourcecode.c.objc; path = UserInfoResult.m; sourceTree = "<group>"; };
		AFBAE16F1FB856CA0002DE1B /* UpdateUserInfoResult.h */ = {isa = PBXFileReference; fileEncoding = 4; lastKnownFileType = sourcecode.c.h; path = UpdateUserInfoResult.h; sourceTree = "<group>"; };
		AFBAE1701FB856CA0002DE1B /* UpdateUserInfoResult.m */ = {isa = PBXFileReference; fileEncoding = 4; lastKnownFileType = sourcecode.c.objc; path = UpdateUserInfoResult.m; sourceTree = "<group>"; };
		AFBAE1721FB856F50002DE1B /* ResetPwdResult.h */ = {isa = PBXFileReference; fileEncoding = 4; lastKnownFileType = sourcecode.c.h; path = ResetPwdResult.h; sourceTree = "<group>"; };
		AFBAE1731FB856F50002DE1B /* ResetPwdResult.m */ = {isa = PBXFileReference; fileEncoding = 4; lastKnownFileType = sourcecode.c.objc; path = ResetPwdResult.m; sourceTree = "<group>"; };
		AFBAE1751FB858C60002DE1B /* NoteListResult.h */ = {isa = PBXFileReference; fileEncoding = 4; lastKnownFileType = sourcecode.c.h; path = NoteListResult.h; sourceTree = "<group>"; };
		AFBAE1761FB858C60002DE1B /* NoteListResult.m */ = {isa = PBXFileReference; fileEncoding = 4; lastKnownFileType = sourcecode.c.objc; path = NoteListResult.m; sourceTree = "<group>"; };
		AFBAE1781FB8590B0002DE1B /* NoteItem.h */ = {isa = PBXFileReference; fileEncoding = 4; lastKnownFileType = sourcecode.c.h; path = NoteItem.h; sourceTree = "<group>"; };
		AFBAE1791FB8590B0002DE1B /* NoteItem.m */ = {isa = PBXFileReference; fileEncoding = 4; lastKnownFileType = sourcecode.c.objc; path = NoteItem.m; sourceTree = "<group>"; };
		AFBAE17B1FB85EC50002DE1B /* MultySearchResult.h */ = {isa = PBXFileReference; fileEncoding = 4; lastKnownFileType = sourcecode.c.h; path = MultySearchResult.h; sourceTree = "<group>"; };
		AFBAE17C1FB85EC50002DE1B /* MultySearchResult.m */ = {isa = PBXFileReference; fileEncoding = 4; lastKnownFileType = sourcecode.c.objc; path = MultySearchResult.m; sourceTree = "<group>"; };
		AFBAE17E1FB85EF40002DE1B /* BookItem.h */ = {isa = PBXFileReference; fileEncoding = 4; lastKnownFileType = sourcecode.c.h; path = BookItem.h; sourceTree = "<group>"; };
		AFBAE17F1FB85EF40002DE1B /* BookItem.m */ = {isa = PBXFileReference; fileEncoding = 4; lastKnownFileType = sourcecode.c.objc; path = BookItem.m; sourceTree = "<group>"; };
		AFC37B0A1FCBB02400711466 /* NoteListView.h */ = {isa = PBXFileReference; fileEncoding = 4; lastKnownFileType = sourcecode.c.h; path = NoteListView.h; sourceTree = "<group>"; };
		AFC37B0B1FCBB02400711466 /* NoteListView.m */ = {isa = PBXFileReference; fileEncoding = 4; lastKnownFileType = sourcecode.c.objc; path = NoteListView.m; sourceTree = "<group>"; };
		AFC76ECE1FC5AF4E00DF7FD9 /* BookInfoResult.h */ = {isa = PBXFileReference; fileEncoding = 4; lastKnownFileType = sourcecode.c.h; path = BookInfoResult.h; sourceTree = "<group>"; };
		AFC76ECF1FC5AF4E00DF7FD9 /* BookInfoResult.m */ = {isa = PBXFileReference; fileEncoding = 4; lastKnownFileType = sourcecode.c.objc; path = BookInfoResult.m; sourceTree = "<group>"; };
		AFD56B201FC070AF0062BA20 /* UpdateUserInfoVC.h */ = {isa = PBXFileReference; fileEncoding = 4; lastKnownFileType = sourcecode.c.h; path = UpdateUserInfoVC.h; sourceTree = "<group>"; };
		AFD56B211FC070AF0062BA20 /* UpdateUserInfoVC.m */ = {isa = PBXFileReference; fileEncoding = 4; lastKnownFileType = sourcecode.c.objc; path = UpdateUserInfoVC.m; sourceTree = "<group>"; };
		AFDEC8FF1FB4878F00926F38 /* NotesVC.h */ = {isa = PBXFileReference; fileEncoding = 4; lastKnownFileType = sourcecode.c.h; path = NotesVC.h; sourceTree = "<group>"; };
		AFDEC9001FB4878F00926F38 /* NotesVC.m */ = {isa = PBXFileReference; fileEncoding = 4; lastKnownFileType = sourcecode.c.objc; path = NotesVC.m; sourceTree = "<group>"; };
		AFDEC9021FB487AB00926F38 /* BookroomVC.h */ = {isa = PBXFileReference; fileEncoding = 4; lastKnownFileType = sourcecode.c.h; path = BookroomVC.h; sourceTree = "<group>"; };
		AFDEC9031FB487AB00926F38 /* BookroomVC.m */ = {isa = PBXFileReference; fileEncoding = 4; lastKnownFileType = sourcecode.c.objc; path = BookroomVC.m; sourceTree = "<group>"; };
		AFDEC9051FB487CB00926F38 /* NewbooksVC.h */ = {isa = PBXFileReference; fileEncoding = 4; lastKnownFileType = sourcecode.c.h; path = NewbooksVC.h; sourceTree = "<group>"; };
		AFDEC9061FB487CB00926F38 /* NewbooksVC.m */ = {isa = PBXFileReference; fileEncoding = 4; lastKnownFileType = sourcecode.c.objc; path = NewbooksVC.m; sourceTree = "<group>"; };
/* End PBXFileReference section */

/* Begin PBXFrameworksBuildPhase section */
		AF23081D1FB3371200BEC151 /* Frameworks */ = {
			isa = PBXFrameworksBuildPhase;
			buildActionMask = 2147483647;
			files = (
			);
			runOnlyForDeploymentPostprocessing = 0;
		};
/* End PBXFrameworksBuildPhase section */

/* Begin PBXGroup section */
		AF04C5701FB3599400C0C67B /* Login */ = {
			isa = PBXGroup;
			children = (
				AF2308E11FB342CE00BEC151 /* LoginVC.h */,
				AF2308E21FB342CE00BEC151 /* LoginVC.m */,
				AF04C5711FB359BE00C0C67B /* ResigterVC.h */,
				AF04C5721FB359BE00C0C67B /* ResigterVC.m */,
				AF506F951FB6071800470C01 /* ForgetPwdVC.h */,
				AF506F961FB6071800470C01 /* ForgetPwdVC.m */,
			);
			name = Login;
			sourceTree = "<group>";
		};
		AF04C5771FB35A1600C0C67B /* Me */ = {
			isa = PBXGroup;
			children = (
				AF04C5741FB35A0800C0C67B /* MeVC.h */,
				AF04C5751FB35A0800C0C67B /* MeVC.m */,
				AF14EAB41FB7191D0042683D /* SetVC.h */,
				AF14EAB51FB7191D0042683D /* SetVC.m */,
				AF14EAB71FB737F60042683D /* ModifyPwdVC.h */,
				AF14EAB81FB737F60042683D /* ModifyPwdVC.m */,
				AF0422811FBC71B900D15E8E /* ChildrenInfoVC.h */,
				AF0422821FBC71B900D15E8E /* ChildrenInfoVC.m */,
				AF0422921FBC95C600D15E8E /* DatePickerView.h */,
				AF0422931FBC95C600D15E8E /* DatePickerView.m */,
				AFD56B201FC070AF0062BA20 /* UpdateUserInfoVC.h */,
				AFD56B211FC070AF0062BA20 /* UpdateUserInfoVC.m */,
				AF036E2C1FC45756005A1765 /* FavoriteBookListVC.h */,
				AF036E2D1FC45756005A1765 /* FavoriteBookListVC.m */,
				AF036E321FC45DA6005A1765 /* FavBookTableViewCell.h */,
				AF036E331FC45DA6005A1765 /* FavBookTableViewCell.m */,
				AF036E351FC460CB005A1765 /* NoteBookListVC.h */,
				AF036E361FC460CB005A1765 /* NoteBookListVC.m */,
				AF036E381FC4610E005A1765 /* NoteBookTableViewCell.h */,
				AF036E391FC4610E005A1765 /* NoteBookTableViewCell.m */,
			);
			name = Me;
			sourceTree = "<group>";
		};
		AF2308171FB3371200BEC151 = {
			isa = PBXGroup;
			children = (
				AF2308221FB3371200BEC151 /* Read */,
				AF2308211FB3371200BEC151 /* Products */,
			);
			sourceTree = "<group>";
		};
		AF2308211FB3371200BEC151 /* Products */ = {
			isa = PBXGroup;
			children = (
				AF2308201FB3371200BEC151 /* Read.app */,
			);
			name = Products;
			sourceTree = "<group>";
		};
		AF2308221FB3371200BEC151 /* Read */ = {
			isa = PBXGroup;
			children = (
				AF23083A1FB33F5600BEC151 /* Tools */,
				AF683D821FB81B5800AB69EC /* NetEngine */,
				AFBAE1621FB83D000002DE1B /* Helper */,
				AF2308DB1FB342CE00BEC151 /* Models */,
				AF2308DE1FB342CE00BEC151 /* UIs */,
				AF2308261FB3371200BEC151 /* AppDelegate.h */,
				AF2308271FB3371200BEC151 /* AppDelegate.m */,
				AF506F931FB5E6C600470C01 /* ConstantDef.h */,
				AF2308D01FB340EB00BEC151 /* MainVCManager.h */,
				AF2308D11FB340EB00BEC151 /* MainVCManager.m */,
				AF23082F1FB3371200BEC151 /* Assets.xcassets */,
				AF2308341FB3371200BEC151 /* Info.plist */,
				AF2308231FB3371200BEC151 /* Supporting Files */,
			);
			path = Read;
			sourceTree = "<group>";
		};
		AF2308231FB3371200BEC151 /* Supporting Files */ = {
			isa = PBXGroup;
			children = (
				AFAFB7601FC298A700663862 /* InfoPlist.strings */,
				AF506F8A1FB5E26700470C01 /* Images */,
				AF2308241FB3371200BEC151 /* main.m */,
				AF506F941FB5E7BE00470C01 /* Read-Prefix.pch */,
			);
			name = "Supporting Files";
			sourceTree = "<group>";
		};
		AF23083A1FB33F5600BEC151 /* Tools */ = {
			isa = PBXGroup;
			children = (
				AFBABF331FC847880001A5E5 /* iCarousel */,
				AF23083B1FB33F5600BEC151 /* AFNetworking */,
				AF2308491FB33F5600BEC151 /* Category */,
				AF2308581FB33F5600BEC151 /* MJRefresh */,
				AF2308631FB33F5600BEC151 /* Owns */,
				AF23087B1FB33F5600BEC151 /* SDWebImage */,
				AF23089D1FB33F5600BEC151 /* SVProgressHUD */,
			);
			path = Tools;
			sourceTree = "<group>";
		};
		AF23083B1FB33F5600BEC151 /* AFNetworking */ = {
			isa = PBXGroup;
			children = (
				AF23083C1FB33F5600BEC151 /* AFHTTPSessionManager.h */,
				AF23083D1FB33F5600BEC151 /* AFHTTPSessionManager.m */,
				AF23083E1FB33F5600BEC151 /* AFNetworking.h */,
				AF23083F1FB33F5600BEC151 /* AFNetworkReachabilityManager.h */,
				AF2308401FB33F5600BEC151 /* AFNetworkReachabilityManager.m */,
				AF2308411FB33F5600BEC151 /* AFSecurityPolicy.h */,
				AF2308421FB33F5600BEC151 /* AFSecurityPolicy.m */,
				AF2308431FB33F5600BEC151 /* AFURLRequestSerialization.h */,
				AF2308441FB33F5600BEC151 /* AFURLRequestSerialization.m */,
				AF2308451FB33F5600BEC151 /* AFURLResponseSerialization.h */,
				AF2308461FB33F5600BEC151 /* AFURLResponseSerialization.m */,
				AF2308471FB33F5600BEC151 /* AFURLSessionManager.h */,
				AF2308481FB33F5600BEC151 /* AFURLSessionManager.m */,
			);
			path = AFNetworking;
			sourceTree = "<group>";
		};
		AF2308491FB33F5600BEC151 /* Category */ = {
			isa = PBXGroup;
			children = (
				AF23084A1FB33F5600BEC151 /* NSObject+Utility.h */,
				AF23084B1FB33F5600BEC151 /* NSObject+Utility.m */,
				AF23084C1FB33F5600BEC151 /* NSString+Utility.h */,
				AF23084D1FB33F5600BEC151 /* NSString+Utility.m */,
				AF14EAB11FB6FB770042683D /* NSData+Crypto.h */,
				AF14EAB21FB6FB770042683D /* NSData+Crypto.m */,
				AF23084E1FB33F5600BEC151 /* UIAlertController+Orientations.h */,
				AF23084F1FB33F5600BEC151 /* UIAlertController+Orientations.m */,
				AF2308501FB33F5600BEC151 /* UIColor+Utility.h */,
				AF2308511FB33F5600BEC151 /* UIColor+Utility.m */,
				AF2308521FB33F5600BEC151 /* UIImage+ResizeMagick.h */,
				AF2308531FB33F5600BEC151 /* UIImage+ResizeMagick.m */,
				AF2308541FB33F5600BEC151 /* UIImage+Utility.h */,
				AF2308551FB33F5600BEC151 /* UIImage+Utility.m */,
				AF2308561FB33F5600BEC151 /* UIView+SizeUtility.h */,
				AF2308571FB33F5600BEC151 /* UIView+SizeUtility.m */,
			);
			path = Category;
			sourceTree = "<group>";
		};
		AF2308581FB33F5600BEC151 /* MJRefresh */ = {
			isa = PBXGroup;
			children = (
				AF2308591FB33F5600BEC151 /* MJRefresh.bundle */,
				AF23085A1FB33F5600BEC151 /* MJRefresh.h */,
				AF23085B1FB33F5600BEC151 /* MJRefreshBaseView.h */,
				AF23085C1FB33F5600BEC151 /* MJRefreshBaseView.m */,
				AF23085D1FB33F5600BEC151 /* MJRefreshConst.h */,
				AF23085E1FB33F5600BEC151 /* MJRefreshConst.m */,
				AF23085F1FB33F5600BEC151 /* MJRefreshFooterView.h */,
				AF2308601FB33F5600BEC151 /* MJRefreshFooterView.m */,
				AF2308611FB33F5600BEC151 /* MJRefreshHeaderView.h */,
				AF2308621FB33F5600BEC151 /* MJRefreshHeaderView.m */,
			);
			path = MJRefresh;
			sourceTree = "<group>";
		};
		AF2308631FB33F5600BEC151 /* Owns */ = {
			isa = PBXGroup;
			children = (
				AF2308641FB33F5600BEC151 /* AIActionSheet.h */,
				AF2308651FB33F5600BEC151 /* AIActionSheet.m */,
				AF2308661FB33F5600BEC151 /* AICommonDef.h */,
				AF2308671FB33F5600BEC151 /* AINavigationController.h */,
				AF2308681FB33F5600BEC151 /* AINavigationController.m */,
				AF2308691FB33F5600BEC151 /* BaseVC.h */,
				AF23086A1FB33F5600BEC151 /* BaseVC.m */,
				AF23086D1FB33F5600BEC151 /* DeviceInfo.h */,
				AF23086E1FB33F5600BEC151 /* DeviceInfo.m */,
				AF23086F1FB33F5600BEC151 /* FadePromptView.h */,
				AF2308701FB33F5600BEC151 /* FadePromptView.m */,
				AF2308711FB33F5600BEC151 /* FileCache.h */,
				AF2308721FB33F5600BEC151 /* FileCache.m */,
				AF2308731FB33F5600BEC151 /* LineView.h */,
				AF2308741FB33F5600BEC151 /* LineView.m */,
			);
			path = Owns;
			sourceTree = "<group>";
		};
		AF23087B1FB33F5600BEC151 /* SDWebImage */ = {
			isa = PBXGroup;
			children = (
				AF23087C1FB33F5600BEC151 /* MKAnnotationView+WebCache.h */,
				AF23087D1FB33F5600BEC151 /* MKAnnotationView+WebCache.m */,
				AF23087E1FB33F5600BEC151 /* NSData+ImageContentType.h */,
				AF23087F1FB33F5600BEC151 /* NSData+ImageContentType.m */,
				AF2308801FB33F5600BEC151 /* SDImageCache.h */,
				AF2308811FB33F5600BEC151 /* SDImageCache.m */,
				AF2308821FB33F5600BEC151 /* SDWebImageCompat.h */,
				AF2308831FB33F5600BEC151 /* SDWebImageCompat.m */,
				AF2308841FB33F5600BEC151 /* SDWebImageDecoder.h */,
				AF2308851FB33F5600BEC151 /* SDWebImageDecoder.m */,
				AF2308861FB33F5600BEC151 /* SDWebImageDownloader.h */,
				AF2308871FB33F5600BEC151 /* SDWebImageDownloader.m */,
				AF2308881FB33F5600BEC151 /* SDWebImageDownloaderOperation.h */,
				AF2308891FB33F5600BEC151 /* SDWebImageDownloaderOperation.m */,
				AF23088A1FB33F5600BEC151 /* SDWebImageManager.h */,
				AF23088B1FB33F5600BEC151 /* SDWebImageManager.m */,
				AF23088C1FB33F5600BEC151 /* SDWebImageOperation.h */,
				AF23088D1FB33F5600BEC151 /* SDWebImagePrefetcher.h */,
				AF23088E1FB33F5600BEC151 /* SDWebImagePrefetcher.m */,
				AF23088F1FB33F5600BEC151 /* UIButton+WebCache.h */,
				AF2308901FB33F5600BEC151 /* UIButton+WebCache.m */,
				AF2308911FB33F5600BEC151 /* UIImage+GIF.h */,
				AF2308921FB33F5600BEC151 /* UIImage+GIF.m */,
				AF2308931FB33F5600BEC151 /* UIImage+MultiFormat.h */,
				AF2308941FB33F5600BEC151 /* UIImage+MultiFormat.m */,
				AF2308951FB33F5600BEC151 /* UIImage+WebP.h */,
				AF2308961FB33F5600BEC151 /* UIImage+WebP.m */,
				AF2308971FB33F5600BEC151 /* UIImageView+HighlightedWebCache.h */,
				AF2308981FB33F5600BEC151 /* UIImageView+HighlightedWebCache.m */,
				AF2308991FB33F5600BEC151 /* UIImageView+WebCache.h */,
				AF23089A1FB33F5600BEC151 /* UIImageView+WebCache.m */,
				AF23089B1FB33F5600BEC151 /* UIView+WebCacheOperation.h */,
				AF23089C1FB33F5600BEC151 /* UIView+WebCacheOperation.m */,
			);
			path = SDWebImage;
			sourceTree = "<group>";
		};
		AF23089D1FB33F5600BEC151 /* SVProgressHUD */ = {
			isa = PBXGroup;
			children = (
				AF23089E1FB33F5600BEC151 /* SVProgressHUD.bundle */,
				AF23089F1FB33F5600BEC151 /* SVProgressHUD.h */,
				AF2308A01FB33F5600BEC151 /* SVProgressHUD.m */,
			);
			path = SVProgressHUD;
			sourceTree = "<group>";
		};
		AF2308DB1FB342CE00BEC151 /* Models */ = {
			isa = PBXGroup;
			children = (
				AFBAE15F1FB83B560002DE1B /* NetResultBase.h */,
				AFBAE1601FB83B560002DE1B /* NetResultBase.m */,
				AF683D7F1FB81ADE00AB69EC /* ReadNetRequestParam.h */,
				AF683D801FB81ADE00AB69EC /* ReadNetRequestParam.m */,
				AF2308DC1FB342CE00BEC151 /* LoginResult.h */,
				AF2308DD1FB342CE00BEC151 /* LoginResult.m */,
				AF04227E1FBC499E00D15E8E /* ChangePasswdResult.h */,
				AF04227F1FBC499E00D15E8E /* ChangePasswdResult.m */,
				AFBAE1661FB854140002DE1B /* CaptchaResult.h */,
				AFBAE1671FB854140002DE1B /* CaptchaResult.m */,
				AFBAE1691FB8558A0002DE1B /* RegisterResult.h */,
				AFBAE16A1FB8558A0002DE1B /* RegisterResult.m */,
				AFBAE16C1FB856890002DE1B /* UserInfoResult.h */,
				AFBAE16D1FB856890002DE1B /* UserInfoResult.m */,
				AFBAE16F1FB856CA0002DE1B /* UpdateUserInfoResult.h */,
				AFBAE1701FB856CA0002DE1B /* UpdateUserInfoResult.m */,
				AFBAE1721FB856F50002DE1B /* ResetPwdResult.h */,
				AFBAE1731FB856F50002DE1B /* ResetPwdResult.m */,
				AFBAE1751FB858C60002DE1B /* NoteListResult.h */,
				AFBAE1761FB858C60002DE1B /* NoteListResult.m */,
				AFBAE1781FB8590B0002DE1B /* NoteItem.h */,
				AFBAE1791FB8590B0002DE1B /* NoteItem.m */,
				AFBAE17E1FB85EF40002DE1B /* BookItem.h */,
				AFBAE17F1FB85EF40002DE1B /* BookItem.m */,
				AFC76ECE1FC5AF4E00DF7FD9 /* BookInfoResult.h */,
				AFC76ECF1FC5AF4E00DF7FD9 /* BookInfoResult.m */,
				AF036E2F1FC45CB1005A1765 /* FavoriteBookItem.h */,
				AF036E301FC45CB1005A1765 /* FavoriteBookItem.m */,
				AFBABF2B1FC6CA0F0001A5E5 /* StoreBookResult.h */,
				AFBABF2C1FC6CA0F0001A5E5 /* StoreBookResult.m */,
				AF036E3E1FC4639F005A1765 /* NoteBookItem.h */,
				AF036E3F1FC4639F005A1765 /* NoteBookItem.m */,
				AF88AB371FC1AA9A00E885D5 /* RecBooksResult.h */,
				AF88AB381FC1AA9A00E885D5 /* RecBooksResult.m */,
				AF036E291FC45680005A1765 /* FavoriteBooksResult.h */,
				AF036E2A1FC45680005A1765 /* FavoriteBooksResult.m */,
				AF036E3B1FC461B8005A1765 /* NoteBooksResult.h */,
				AF036E3C1FC461B8005A1765 /* NoteBooksResult.m */,
				AFBAE17B1FB85EC50002DE1B /* MultySearchResult.h */,
				AFBAE17C1FB85EC50002DE1B /* MultySearchResult.m */,
				AF4C90CB1FBF168C003148EC /* ChildInfoResult.h */,
				AF4C90CC1FBF168C003148EC /* ChildInfoResult.m */,
				AF4C90CE1FBF1D2A003148EC /* AddChildrenResult.h */,
				AF4C90CF1FBF1D2A003148EC /* AddChildrenResult.m */,
				AF88AB301FC1540400E885D5 /* UploadUserAvatarResult.h */,
				AF88AB311FC1540400E885D5 /* UploadUserAvatarResult.m */,
			);
			path = Models;
			sourceTree = "<group>";
		};
		AF2308DE1FB342CE00BEC151 /* UIs */ = {
			isa = PBXGroup;
			children = (
				AFDEC8FE1FB4870600926F38 /* Notes */,
				AFDEC8FD1FB4868D00926F38 /* Bookroom */,
				AFDEC8FC1FB4866700926F38 /* Newbooks */,
				AF04C5771FB35A1600C0C67B /* Me */,
				AF04C5701FB3599400C0C67B /* Login */,
				AF2308DF1FB342CE00BEC151 /* HomeTabVC.h */,
				AF2308E01FB342CE00BEC151 /* HomeTabVC.m */,
			);
			path = UIs;
			sourceTree = "<group>";
		};
		AF506F8A1FB5E26700470C01 /* Images */ = {
			isa = PBXGroup;
			children = (
				AF94FE031FB9DEB70086CB22 /* tabbar */,
				AF506F8B1FB5E26700470C01 /* icon_pwd@2x.png */,
				AF506F8C1FB5E26700470C01 /* icon_user@2x.png */,
				AF0422841FBC77CD00D15E8E /* icon_emotion@2x.png */,
				AF0422851FBC77CD00D15E8E /* icon_heart@2x.png */,
				AF0422861FBC77CD00D15E8E /* icon_note@2x.png */,
				AFBABF2E1FC7E31C0001A5E5 /* icon_edit@2x.png */,
				AF0422871FBC77CD00D15E8E /* icon_setting@2x.png */,
				AF04228C1FBC797A00D15E8E /* icon_photo@2x.png */,
				AF04228E1FBC88C900D15E8E /* radio_select@2x.png */,
				AF04228F1FBC88C900D15E8E /* radio_unselect@2x.png */,
				AF506F981FB609C800470C01 /* back@2x.png */,
				AF88AB331FC1723900E885D5 /* shucheng_bg@2x.png */,
				AF88AB351FC1A83800E885D5 /* book_cover@2x.png */,
				AFAFB76A1FC2BB8F00663862 /* heart_empty@2x.png */,
				AFAFB76B1FC2BB8F00663862 /* heart_read@2x.png */,
				AF42D9B81FC537A6006DEDE8 /* book_detail_bg@2x.png */,
				AF42D9BA1FC5468A006DEDE8 /* icon_heart_white@2x.png */,
			);
			path = Images;
			sourceTree = "<group>";
		};
		AF683D821FB81B5800AB69EC /* NetEngine */ = {
			isa = PBXGroup;
			children = (
				AF683D851FB81B5800AB69EC /* NetworkTask.h */,
				AF683D861FB81B5800AB69EC /* NetworkTask.m */,
			);
			path = NetEngine;
			sourceTree = "<group>";
		};
		AF94FE031FB9DEB70086CB22 /* tabbar */ = {
			isa = PBXGroup;
			children = (
				AF94FDF31FB9DD5F0086CB22 /* tb-biji-sel@2x.png */,
				AF94FDF41FB9DD5F0086CB22 /* tb-biji@2x.png */,
				AF94FDF51FB9DD5F0086CB22 /* tb-me-sel@2x.png */,
				AF94FDF61FB9DD5F0086CB22 /* tb-me@2x.png */,
				AF94FDF71FB9DD5F0086CB22 /* tb-shuku-sel@2x.png */,
				AF94FDF81FB9DD5F0086CB22 /* tb-shuku@2x.png */,
				AF94FDF91FB9DD5F0086CB22 /* tb-xinshu-sel@2x.png */,
				AF94FDFA1FB9DD5F0086CB22 /* tb-xinshu@2x.png */,
			);
			name = tabbar;
			sourceTree = "<group>";
		};
		AFBABF331FC847880001A5E5 /* iCarousel */ = {
			isa = PBXGroup;
			children = (
				AFBABF341FC847880001A5E5 /* iCarousel.h */,
				AFBABF351FC847880001A5E5 /* iCarousel.m */,
			);
			path = iCarousel;
			sourceTree = "<group>";
		};
		AFBAE1621FB83D000002DE1B /* Helper */ = {
			isa = PBXGroup;
			children = (
				AFBAE1631FB83D5B0002DE1B /* SysDataSaver.h */,
				AFBAE1641FB83D5B0002DE1B /* SysDataSaver.m */,
			);
			path = Helper;
			sourceTree = "<group>";
		};
		AFDEC8FC1FB4866700926F38 /* Newbooks */ = {
			isa = PBXGroup;
			children = (
				AFDEC9051FB487CB00926F38 /* NewbooksVC.h */,
				AFDEC9061FB487CB00926F38 /* NewbooksVC.m */,
				AFAFB75D1FC282F100663862 /* BookDetailVC.h */,
				AFAFB75E1FC282F100663862 /* BookDetailVC.m */,
				AF42D9B51FC536A7006DEDE8 /* BookInfoView.h */,
				AF42D9B61FC536A7006DEDE8 /* BookInfoView.m */,
				AF42D9BC1FC553BF006DEDE8 /* BookContentView.h */,
				AF42D9BD1FC553BF006DEDE8 /* BookContentView.m */,
				AF4EE7F01FCAD50C00161746 /* BookIntroduceView.h */,
				AF4EE7F11FCAD50C00161746 /* BookIntroduceView.m */,
				AFBABF301FC828580001A5E5 /* CustomSegmentControl.h */,
				AFBABF311FC828580001A5E5 /* CustomSegmentControl.m */,
			);
			name = Newbooks;
			sourceTree = "<group>";
		};
		AFDEC8FD1FB4868D00926F38 /* Bookroom */ = {
			isa = PBXGroup;
			children = (
				AFDEC9021FB487AB00926F38 /* BookroomVC.h */,
				AFDEC9031FB487AB00926F38 /* BookroomVC.m */,
				AFAFB7641FC2ABC100663862 /* BookListVC.h */,
				AFAFB7651FC2ABC100663862 /* BookListVC.m */,
				AFAFB7671FC2ACB800663862 /* BookTableViewCell.h */,
				AFAFB7681FC2ACB800663862 /* BookTableViewCell.m */,
			);
			name = Bookroom;
			sourceTree = "<group>";
		};
		AFDEC8FE1FB4870600926F38 /* Notes */ = {
			isa = PBXGroup;
			children = (
				AFDEC8FF1FB4878F00926F38 /* NotesVC.h */,
				AFDEC9001FB4878F00926F38 /* NotesVC.m */,
				AFC37B0A1FCBB02400711466 /* NoteListView.h */,
				AFC37B0B1FCBB02400711466 /* NoteListView.m */,
			);
			name = Notes;
			sourceTree = "<group>";
		};
/* End PBXGroup section */

/* Begin PBXNativeTarget section */
		AF23081F1FB3371200BEC151 /* Read */ = {
			isa = PBXNativeTarget;
			buildConfigurationList = AF2308371FB3371200BEC151 /* Build configuration list for PBXNativeTarget "Read" */;
			buildPhases = (
				AF23081C1FB3371200BEC151 /* Sources */,
				AF23081D1FB3371200BEC151 /* Frameworks */,
				AF23081E1FB3371200BEC151 /* Resources */,
			);
			buildRules = (
			);
			dependencies = (
			);
			name = Read;
			productName = Read;
			productReference = AF2308201FB3371200BEC151 /* Read.app */;
			productType = "com.apple.product-type.application";
		};
/* End PBXNativeTarget section */

/* Begin PBXProject section */
		AF2308181FB3371200BEC151 /* Project object */ = {
			isa = PBXProject;
			attributes = {
				LastUpgradeCheck = 0830;
				ORGANIZATIONNAME = weimeitc;
				TargetAttributes = {
					AF23081F1FB3371200BEC151 = {
						CreatedOnToolsVersion = 8.3.3;
						DevelopmentTeam = 7DUX67X748;
						ProvisioningStyle = Manual;
					};
				};
			};
			buildConfigurationList = AF23081B1FB3371200BEC151 /* Build configuration list for PBXProject "Read" */;
			compatibilityVersion = "Xcode 3.2";
			developmentRegion = English;
			hasScannedForEncodings = 0;
			knownRegions = (
				en,
				Base,
				"zh-Hans",
			);
			mainGroup = AF2308171FB3371200BEC151;
			productRefGroup = AF2308211FB3371200BEC151 /* Products */;
			projectDirPath = "";
			projectRoot = "";
			targets = (
				AF23081F1FB3371200BEC151 /* Read */,
			);
		};
/* End PBXProject section */

/* Begin PBXResourcesBuildPhase section */
		AF23081E1FB3371200BEC151 /* Resources */ = {
			isa = PBXResourcesBuildPhase;
			buildActionMask = 2147483647;
			files = (
				AF0422891FBC77CD00D15E8E /* icon_heart@2x.png in Resources */,
				AFAFB7621FC298A700663862 /* InfoPlist.strings in Resources */,
				AF88AB341FC1723900E885D5 /* shucheng_bg@2x.png in Resources */,
				AF506F901FB5E26700470C01 /* icon_user@2x.png in Resources */,
				AF94FE001FB9DD5F0086CB22 /* tb-shuku@2x.png in Resources */,
				AF2308AE1FB33F5600BEC151 /* MJRefresh.bundle in Resources */,
				AF0422881FBC77CD00D15E8E /* icon_emotion@2x.png in Resources */,
				AF94FE011FB9DD5F0086CB22 /* tb-xinshu-sel@2x.png in Resources */,
				AF88AB361FC1A83800E885D5 /* book_cover@2x.png in Resources */,
				AF94FDFD1FB9DD5F0086CB22 /* tb-me-sel@2x.png in Resources */,
				AF42D9B91FC537A6006DEDE8 /* book_detail_bg@2x.png in Resources */,
				AF04228A1FBC77CD00D15E8E /* icon_note@2x.png in Resources */,
				AFBABF2F1FC7E31C0001A5E5 /* icon_edit@2x.png in Resources */,
				AF04228D1FBC797A00D15E8E /* icon_photo@2x.png in Resources */,
				AF94FDFE1FB9DD5F0086CB22 /* tb-me@2x.png in Resources */,
				AFAFB76D1FC2BB8F00663862 /* heart_read@2x.png in Resources */,
				AF04228B1FBC77CD00D15E8E /* icon_setting@2x.png in Resources */,
				AF42D9BB1FC5468A006DEDE8 /* icon_heart_white@2x.png in Resources */,
				AF94FE021FB9DD5F0086CB22 /* tb-xinshu@2x.png in Resources */,
				AF94FDFC1FB9DD5F0086CB22 /* tb-biji@2x.png in Resources */,
				AF2308CE1FB33F5600BEC151 /* SVProgressHUD.bundle in Resources */,
				AF2308301FB3371200BEC151 /* Assets.xcassets in Resources */,
				AF506F991FB609C800470C01 /* back@2x.png in Resources */,
				AF0422911FBC88C900D15E8E /* radio_unselect@2x.png in Resources */,
				AF94FDFF1FB9DD5F0086CB22 /* tb-shuku-sel@2x.png in Resources */,
				AFAFB76C1FC2BB8F00663862 /* heart_empty@2x.png in Resources */,
				AF0422901FBC88C900D15E8E /* radio_select@2x.png in Resources */,
				AF94FDFB1FB9DD5F0086CB22 /* tb-biji-sel@2x.png in Resources */,
				AF506F8F1FB5E26700470C01 /* icon_pwd@2x.png in Resources */,
			);
			runOnlyForDeploymentPostprocessing = 0;
		};
/* End PBXResourcesBuildPhase section */

/* Begin PBXSourcesBuildPhase section */
		AF23081C1FB3371200BEC151 /* Sources */ = {
			isa = PBXSourcesBuildPhase;
			buildActionMask = 2147483647;
			files = (
				AF2308B21FB33F5600BEC151 /* MJRefreshHeaderView.m in Sources */,
				AF2308A11FB33F5600BEC151 /* AFHTTPSessionManager.m in Sources */,
				AFD56B221FC070AF0062BA20 /* UpdateUserInfoVC.m in Sources */,
				AF2308A61FB33F5600BEC151 /* AFURLSessionManager.m in Sources */,
				AF2308D21FB340EB00BEC151 /* MainVCManager.m in Sources */,
				AFBABF321FC828580001A5E5 /* CustomSegmentControl.m in Sources */,
				AF4EE7F21FCAD50C00161746 /* BookIntroduceView.m in Sources */,
				AF683D881FB81B5800AB69EC /* NetworkTask.m in Sources */,
				AF2308CF1FB33F5600BEC151 /* SVProgressHUD.m in Sources */,
				AF2308E51FB342CE00BEC151 /* LoginVC.m in Sources */,
				AF2308C61FB33F5600BEC151 /* SDWebImagePrefetcher.m in Sources */,
				AF14EAB31FB6FB770042683D /* NSData+Crypto.m in Sources */,
				AF2308B71FB33F5600BEC151 /* DeviceInfo.m in Sources */,
				AF036E2E1FC45756005A1765 /* FavoriteBookListVC.m in Sources */,
				AF2308C41FB33F5600BEC151 /* SDWebImageDownloaderOperation.m in Sources */,
				AFBAE1651FB83D5B0002DE1B /* SysDataSaver.m in Sources */,
				AFBAE17D1FB85EC50002DE1B /* MultySearchResult.m in Sources */,
				AF2308CB1FB33F5600BEC151 /* UIImageView+HighlightedWebCache.m in Sources */,
				AF04C5761FB35A0800C0C67B /* MeVC.m in Sources */,
				AF14EAB91FB737F60042683D /* ModifyPwdVC.m in Sources */,
				AFAFB7691FC2ACB800663862 /* BookTableViewCell.m in Sources */,
				AF2308E31FB342CE00BEC151 /* LoginResult.m in Sources */,
				AFC37B0C1FCBB02400711466 /* NoteListView.m in Sources */,
				AF2308A91FB33F5600BEC151 /* UIAlertController+Orientations.m in Sources */,
				AF2308A31FB33F5600BEC151 /* AFSecurityPolicy.m in Sources */,
				AF2308CA1FB33F5600BEC151 /* UIImage+WebP.m in Sources */,
				AF2308C21FB33F5600BEC151 /* SDWebImageDecoder.m in Sources */,
				AF2308C91FB33F5600BEC151 /* UIImage+MultiFormat.m in Sources */,
				AF506F971FB6071800470C01 /* ForgetPwdVC.m in Sources */,
				AFBAE1801FB85EF40002DE1B /* BookItem.m in Sources */,
				AF2308C01FB33F5600BEC151 /* SDImageCache.m in Sources */,
				AF2308B01FB33F5600BEC151 /* MJRefreshConst.m in Sources */,
				AF2308AD1FB33F5600BEC151 /* UIView+SizeUtility.m in Sources */,
				AF2308B91FB33F5600BEC151 /* FileCache.m in Sources */,
				AF2308C11FB33F5600BEC151 /* SDWebImageCompat.m in Sources */,
				AFAFB7661FC2ABC100663862 /* BookListVC.m in Sources */,
				AF0422801FBC499E00D15E8E /* ChangePasswdResult.m in Sources */,
				AF4C90D01FBF1D2A003148EC /* AddChildrenResult.m in Sources */,
				AF2308AA1FB33F5600BEC151 /* UIColor+Utility.m in Sources */,
				AF42D9BE1FC553BF006DEDE8 /* BookContentView.m in Sources */,
				AFBAE1741FB856F50002DE1B /* ResetPwdResult.m in Sources */,
				AF036E3A1FC4610E005A1765 /* NoteBookTableViewCell.m in Sources */,
				AF2308C81FB33F5600BEC151 /* UIImage+GIF.m in Sources */,
				AF88AB321FC1540400E885D5 /* UploadUserAvatarResult.m in Sources */,
				AF036E401FC4639F005A1765 /* NoteBookItem.m in Sources */,
				AF2308C51FB33F5600BEC151 /* SDWebImageManager.m in Sources */,
				AFBABF361FC847880001A5E5 /* iCarousel.m in Sources */,
				AFBAE17A1FB8590B0002DE1B /* NoteItem.m in Sources */,
				AFBABF2D1FC6CA0F0001A5E5 /* StoreBookResult.m in Sources */,
				AFBAE1771FB858C60002DE1B /* NoteListResult.m in Sources */,
				AF0422831FBC71B900D15E8E /* ChildrenInfoVC.m in Sources */,
				AF2308BA1FB33F5600BEC151 /* LineView.m in Sources */,
				AF2308B41FB33F5600BEC151 /* AINavigationController.m in Sources */,
				AF2308281FB3371200BEC151 /* AppDelegate.m in Sources */,
				AF2308A71FB33F5600BEC151 /* NSObject+Utility.m in Sources */,
				AF036E2B1FC45680005A1765 /* FavoriteBooksResult.m in Sources */,
				AF036E341FC45DA6005A1765 /* FavBookTableViewCell.m in Sources */,
				AF2308B81FB33F5600BEC151 /* FadePromptView.m in Sources */,
				AF036E371FC460CB005A1765 /* NoteBookListVC.m in Sources */,
				AF0422941FBC95C600D15E8E /* DatePickerView.m in Sources */,
				AFDEC9071FB487CB00926F38 /* NewbooksVC.m in Sources */,
				AF2308A41FB33F5600BEC151 /* AFURLRequestSerialization.m in Sources */,
				AF2308AC1FB33F5600BEC151 /* UIImage+Utility.m in Sources */,
				AFDEC9011FB4878F00926F38 /* NotesVC.m in Sources */,
				AF036E311FC45CB1005A1765 /* FavoriteBookItem.m in Sources */,
				AF2308AF1FB33F5600BEC151 /* MJRefreshBaseView.m in Sources */,
				AF2308CD1FB33F5600BEC151 /* UIView+WebCacheOperation.m in Sources */,
				AF2308B11FB33F5600BEC151 /* MJRefreshFooterView.m in Sources */,
				AFBAE1711FB856CA0002DE1B /* UpdateUserInfoResult.m in Sources */,
				AF036E3D1FC461B8005A1765 /* NoteBooksResult.m in Sources */,
				AF2308E41FB342CE00BEC151 /* HomeTabVC.m in Sources */,
				AF4C90CD1FBF168C003148EC /* ChildInfoResult.m in Sources */,
				AF2308BE1FB33F5600BEC151 /* MKAnnotationView+WebCache.m in Sources */,
				AF2308CC1FB33F5600BEC151 /* UIImageView+WebCache.m in Sources */,
				AFBAE16B1FB8558A0002DE1B /* RegisterResult.m in Sources */,
				AF88AB391FC1AA9A00E885D5 /* RecBooksResult.m in Sources */,
				AF2308A21FB33F5600BEC151 /* AFNetworkReachabilityManager.m in Sources */,
				AF2308B31FB33F5600BEC151 /* AIActionSheet.m in Sources */,
				AFAFB75F1FC282F100663862 /* BookDetailVC.m in Sources */,
				AFBAE1681FB854140002DE1B /* CaptchaResult.m in Sources */,
				AFBAE1611FB83B560002DE1B /* NetResultBase.m in Sources */,
				AF2308A51FB33F5600BEC151 /* AFURLResponseSerialization.m in Sources */,
				AFBAE16E1FB856890002DE1B /* UserInfoResult.m in Sources */,
				AF2308C31FB33F5600BEC151 /* SDWebImageDownloader.m in Sources */,
				AF683D811FB81ADE00AB69EC /* ReadNetRequestParam.m in Sources */,
				AFC76ED01FC5AF4E00DF7FD9 /* BookInfoResult.m in Sources */,
				AF2308AB1FB33F5600BEC151 /* UIImage+ResizeMagick.m in Sources */,
				AF2308BF1FB33F5600BEC151 /* NSData+ImageContentType.m in Sources */,
				AF42D9B71FC536A7006DEDE8 /* BookInfoView.m in Sources */,
				AF04C5731FB359BE00C0C67B /* ResigterVC.m in Sources */,
				AF2308A81FB33F5600BEC151 /* NSString+Utility.m in Sources */,
				AF2308251FB3371200BEC151 /* main.m in Sources */,
				AF14EAB61FB7191D0042683D /* SetVC.m in Sources */,
				AFDEC9041FB487AB00926F38 /* BookroomVC.m in Sources */,
				AF2308C71FB33F5600BEC151 /* UIButton+WebCache.m in Sources */,
				AF2308B51FB33F5600BEC151 /* BaseVC.m in Sources */,
			);
			runOnlyForDeploymentPostprocessing = 0;
		};
/* End PBXSourcesBuildPhase section */

/* Begin PBXVariantGroup section */
		AFAFB7601FC298A700663862 /* InfoPlist.strings */ = {
			isa = PBXVariantGroup;
			children = (
				AFAFB7611FC298A700663862 /* zh-Hans */,
				AFAFB7631FC298D100663862 /* en */,
			);
			name = InfoPlist.strings;
			sourceTree = "<group>";
		};
/* End PBXVariantGroup section */

/* Begin XCBuildConfiguration section */
		AF2308351FB3371200BEC151 /* Debug */ = {
			isa = XCBuildConfiguration;
			buildSettings = {
				ALWAYS_SEARCH_USER_PATHS = NO;
				CLANG_ANALYZER_NONNULL = YES;
				CLANG_ANALYZER_NUMBER_OBJECT_CONVERSION = YES_AGGRESSIVE;
				CLANG_CXX_LANGUAGE_STANDARD = "gnu++0x";
				CLANG_CXX_LIBRARY = "libc++";
				CLANG_ENABLE_MODULES = YES;
				CLANG_ENABLE_OBJC_ARC = YES;
				CLANG_WARN_BOOL_CONVERSION = YES;
				CLANG_WARN_CONSTANT_CONVERSION = YES;
				CLANG_WARN_DIRECT_OBJC_ISA_USAGE = YES_ERROR;
				CLANG_WARN_DOCUMENTATION_COMMENTS = YES;
				CLANG_WARN_EMPTY_BODY = YES;
				CLANG_WARN_ENUM_CONVERSION = YES;
				CLANG_WARN_INFINITE_RECURSION = YES;
				CLANG_WARN_INT_CONVERSION = YES;
				CLANG_WARN_OBJC_ROOT_CLASS = YES_ERROR;
				CLANG_WARN_SUSPICIOUS_MOVE = YES;
				CLANG_WARN_UNREACHABLE_CODE = YES;
				CLANG_WARN__DUPLICATE_METHOD_MATCH = YES;
				"CODE_SIGN_IDENTITY[sdk=iphoneos*]" = "iPhone Developer";
				COPY_PHASE_STRIP = NO;
				DEBUG_INFORMATION_FORMAT = dwarf;
				ENABLE_STRICT_OBJC_MSGSEND = YES;
				ENABLE_TESTABILITY = YES;
				GCC_C_LANGUAGE_STANDARD = gnu99;
				GCC_DYNAMIC_NO_PIC = NO;
				GCC_NO_COMMON_BLOCKS = YES;
				GCC_OPTIMIZATION_LEVEL = 0;
				GCC_PREPROCESSOR_DEFINITIONS = (
					"DEBUG=1",
					"$(inherited)",
				);
				GCC_WARN_64_TO_32_BIT_CONVERSION = YES;
				GCC_WARN_ABOUT_RETURN_TYPE = YES_ERROR;
				GCC_WARN_UNDECLARED_SELECTOR = YES;
				GCC_WARN_UNINITIALIZED_AUTOS = YES_AGGRESSIVE;
				GCC_WARN_UNUSED_FUNCTION = YES;
				GCC_WARN_UNUSED_VARIABLE = YES;
				IPHONEOS_DEPLOYMENT_TARGET = 8.0;
				MTL_ENABLE_DEBUG_INFO = YES;
				ONLY_ACTIVE_ARCH = YES;
				SDKROOT = iphoneos;
			};
			name = Debug;
		};
		AF2308361FB3371200BEC151 /* Release */ = {
			isa = XCBuildConfiguration;
			buildSettings = {
				ALWAYS_SEARCH_USER_PATHS = NO;
				CLANG_ANALYZER_NONNULL = YES;
				CLANG_ANALYZER_NUMBER_OBJECT_CONVERSION = YES_AGGRESSIVE;
				CLANG_CXX_LANGUAGE_STANDARD = "gnu++0x";
				CLANG_CXX_LIBRARY = "libc++";
				CLANG_ENABLE_MODULES = YES;
				CLANG_ENABLE_OBJC_ARC = YES;
				CLANG_WARN_BOOL_CONVERSION = YES;
				CLANG_WARN_CONSTANT_CONVERSION = YES;
				CLANG_WARN_DIRECT_OBJC_ISA_USAGE = YES_ERROR;
				CLANG_WARN_DOCUMENTATION_COMMENTS = YES;
				CLANG_WARN_EMPTY_BODY = YES;
				CLANG_WARN_ENUM_CONVERSION = YES;
				CLANG_WARN_INFINITE_RECURSION = YES;
				CLANG_WARN_INT_CONVERSION = YES;
				CLANG_WARN_OBJC_ROOT_CLASS = YES_ERROR;
				CLANG_WARN_SUSPICIOUS_MOVE = YES;
				CLANG_WARN_UNREACHABLE_CODE = YES;
				CLANG_WARN__DUPLICATE_METHOD_MATCH = YES;
				"CODE_SIGN_IDENTITY[sdk=iphoneos*]" = "iPhone Developer";
				COPY_PHASE_STRIP = NO;
				DEBUG_INFORMATION_FORMAT = "dwarf-with-dsym";
				ENABLE_NS_ASSERTIONS = NO;
				ENABLE_STRICT_OBJC_MSGSEND = YES;
				GCC_C_LANGUAGE_STANDARD = gnu99;
				GCC_NO_COMMON_BLOCKS = YES;
				GCC_WARN_64_TO_32_BIT_CONVERSION = YES;
				GCC_WARN_ABOUT_RETURN_TYPE = YES_ERROR;
				GCC_WARN_UNDECLARED_SELECTOR = YES;
				GCC_WARN_UNINITIALIZED_AUTOS = YES_AGGRESSIVE;
				GCC_WARN_UNUSED_FUNCTION = YES;
				GCC_WARN_UNUSED_VARIABLE = YES;
				IPHONEOS_DEPLOYMENT_TARGET = 8.0;
				MTL_ENABLE_DEBUG_INFO = NO;
				SDKROOT = iphoneos;
				VALIDATE_PRODUCT = YES;
			};
			name = Release;
		};
		AF2308381FB3371200BEC151 /* Debug */ = {
			isa = XCBuildConfiguration;
			buildSettings = {
				ASSETCATALOG_COMPILER_APPICON_NAME = AppIcon;
				ASSETCATALOG_COMPILER_LAUNCHIMAGE_NAME = LaunchImage;
				CODE_SIGN_IDENTITY = "iPhone Developer: Wu YouJian (EK2QWBZ82K)";
				"CODE_SIGN_IDENTITY[sdk=iphoneos*]" = "iPhone Developer: Wu YouJian (EK2QWBZ82K)";
				DEVELOPMENT_TEAM = 7DUX67X748;
				GCC_PRECOMPILE_PREFIX_HEADER = YES;
				GCC_PREFIX_HEADER = "Read/Read-Prefix.pch";
				INFOPLIST_FILE = Read/Info.plist;
				IPHONEOS_DEPLOYMENT_TARGET = 8.0;
				LD_RUNPATH_SEARCH_PATHS = "$(inherited) @executable_path/Frameworks";
				PRODUCT_BUNDLE_IDENTIFIER = com.weimeitc.bqdj;
				PRODUCT_MODULE_NAME = "$(PRODUCT_NAME:c99extidentifier)";
				PRODUCT_NAME = "$(TARGET_NAME)";
				PROVISIONING_PROFILE = "fe1b8371-4900-41c5-ac86-8b23601cb620";
				PROVISIONING_PROFILE_SPECIFIER = bqdjAppDev_profile;
			};
			name = Debug;
		};
		AF2308391FB3371200BEC151 /* Release */ = {
			isa = XCBuildConfiguration;
			buildSettings = {
				ASSETCATALOG_COMPILER_APPICON_NAME = AppIcon;
				ASSETCATALOG_COMPILER_LAUNCHIMAGE_NAME = LaunchImage;
				CODE_SIGN_IDENTITY = "iPhone Distribution: Beijing WeiMeiTianCheng Technology Co., Ltd.";
				"CODE_SIGN_IDENTITY[sdk=iphoneos*]" = "iPhone Distribution: Beijing WeiMeiTianCheng Technology Co., Ltd.";
				DEVELOPMENT_TEAM = 7DUX67X748;
				GCC_PRECOMPILE_PREFIX_HEADER = YES;
				GCC_PREFIX_HEADER = "Read/Read-Prefix.pch";
				INFOPLIST_FILE = Read/Info.plist;
				IPHONEOS_DEPLOYMENT_TARGET = 8.0;
				LD_RUNPATH_SEARCH_PATHS = "$(inherited) @executable_path/Frameworks";
				PRODUCT_BUNDLE_IDENTIFIER = com.weimeitc.bqdj;
				PRODUCT_MODULE_NAME = "$(PRODUCT_NAME:c99extidentifier)";
				PRODUCT_NAME = "$(TARGET_NAME)";
				PROVISIONING_PROFILE = "021b0eed-3146-46b4-bff7-f213a15f2f87";
				PROVISIONING_PROFILE_SPECIFIER = bqdjAppDis_profile;
			};
			name = Release;
		};
/* End XCBuildConfiguration section */

/* Begin XCConfigurationList section */
		AF23081B1FB3371200BEC151 /* Build configuration list for PBXProject "Read" */ = {
			isa = XCConfigurationList;
			buildConfigurations = (
				AF2308351FB3371200BEC151 /* Debug */,
				AF2308361FB3371200BEC151 /* Release */,
			);
			defaultConfigurationIsVisible = 0;
			defaultConfigurationName = Release;
		};
		AF2308371FB3371200BEC151 /* Build configuration list for PBXNativeTarget "Read" */ = {
			isa = XCConfigurationList;
			buildConfigurations = (
				AF2308381FB3371200BEC151 /* Debug */,
				AF2308391FB3371200BEC151 /* Release */,
			);
			defaultConfigurationIsVisible = 0;
			defaultConfigurationName = Release;
		};
/* End XCConfigurationList section */
	};
	rootObject = AF2308181FB3371200BEC151 /* Project object */;
}
